// !$*UTF8*$!
{
	archiveVersion = 1;
	classes = {
	};
	objectVersion = 46;
	objects = {

/* Begin PBXBuildFile section */
		314F5F621DD1367F00A7A375 /* AllYourBaseTest.swift in Sources */ = {isa = PBXBuildFile; fileRef = 314F5F5E1DD1367B00A7A375 /* AllYourBaseTest.swift */; };
		314F5F641DD1369900A7A375 /* AllYourBase.swift in Sources */ = {isa = PBXBuildFile; fileRef = 314F5F631DD1369900A7A375 /* AllYourBase.swift */; };
		315399A01DC3ED6D00C19DB2 /* SimpleLinkedListTest.swift in Sources */ = {isa = PBXBuildFile; fileRef = 3153999D1DC3ED6500C19DB2 /* SimpleLinkedListTest.swift */; };
		315399A21DC3ED8900C19DB2 /* SimpleLinkedList.swift in Sources */ = {isa = PBXBuildFile; fileRef = 315399A11DC3ED8900C19DB2 /* SimpleLinkedList.swift */; };
		317083D61DDBC60400458C2E /* SaddlePointsTest.swift in Sources */ = {isa = PBXBuildFile; fileRef = 317083D31DDBC5FE00458C2E /* SaddlePointsTest.swift */; };
		318FDEA81DCAB8D10071FCA5 /* AcronymTest.swift in Sources */ = {isa = PBXBuildFile; fileRef = 318FDEA41DCAB8CB0071FCA5 /* AcronymTest.swift */; };
		318FDEAA1DCAB8E50071FCA5 /* Acronym.swift in Sources */ = {isa = PBXBuildFile; fileRef = 318FDEA91DCAB8E50071FCA5 /* Acronym.swift */; };
		319B7C301DD2409C007B3101 /* LargestSeriesProductTest.swift in Sources */ = {isa = PBXBuildFile; fileRef = 319B7C2C1DD24096007B3101 /* LargestSeriesProductTest.swift */; };
		319B7C321DD240D6007B3101 /* LargestSeriesProduct.swift in Sources */ = {isa = PBXBuildFile; fileRef = 319B7C311DD240D6007B3101 /* LargestSeriesProduct.swift */; };
		319B7C441DD3BB6A007B3101 /* HouseTest.swift in Sources */ = {isa = PBXBuildFile; fileRef = 319B7C401DD3BB67007B3101 /* HouseTest.swift */; };
		319B7C461DD3BB88007B3101 /* House.swift in Sources */ = {isa = PBXBuildFile; fileRef = 319B7C451DD3BB88007B3101 /* House.swift */; };
		319B7C811DD672F9007B3101 /* PythagoreanTripletTest.swift in Sources */ = {isa = PBXBuildFile; fileRef = 319B7C7D1DD672ED007B3101 /* PythagoreanTripletTest.swift */; };
		319B7C831DD67307007B3101 /* PythagoreanTriplet.swift in Sources */ = {isa = PBXBuildFile; fileRef = 319B7C821DD67307007B3101 /* PythagoreanTriplet.swift */; };
		31BEEB931DBFC4580035E9CF /* BinarySearch.swift in Sources */ = {isa = PBXBuildFile; fileRef = 31BEEB901DBFC4580035E9CF /* BinarySearch.swift */; };
		31BEEB961DBFC4580035E9CF /* BinarySearchTest.swift in Sources */ = {isa = PBXBuildFile; fileRef = 31BEEB911DBFC4580035E9CF /* BinarySearchTest.swift */; };
		31C6E1DD1DDE5EF800730337 /* SaddlePoints.swift in Sources */ = {isa = PBXBuildFile; fileRef = 31C6E1DC1DDE5EF800730337 /* SaddlePoints.swift */; };
		31F896A61DE525ED0004E7D9 /* PascalsTriangleTest.swift in Sources */ = {isa = PBXBuildFile; fileRef = 31F896A21DE525E30004E7D9 /* PascalsTriangleTest.swift */; };
		31F896A81DE526000004E7D9 /* PascalsTriangle.swift in Sources */ = {isa = PBXBuildFile; fileRef = 31F896A71DE526000004E7D9 /* PascalsTriangle.swift */; };
		31F896BD1DECEC610004E7D9 /* PangramTest.swift in Sources */ = {isa = PBXBuildFile; fileRef = 31F896B91DECEC5A0004E7D9 /* PangramTest.swift */; };
		31F896BF1DECEC730004E7D9 /* Pangram.swift in Sources */ = {isa = PBXBuildFile; fileRef = 31F896BE1DECEC730004E7D9 /* Pangram.swift */; };
		31FBEC751DC2BB03003C5F0D /* SecretHandshakeTest.swift in Sources */ = {isa = PBXBuildFile; fileRef = 31FBEC731DC2BB03003C5F0D /* SecretHandshakeTest.swift */; };
		31FBEC771DC2BB29003C5F0D /* SecretHandshake.swift in Sources */ = {isa = PBXBuildFile; fileRef = 31FBEC761DC2BB29003C5F0D /* SecretHandshake.swift */; };
		31FBEC7C1DC2CE01003C5F0D /* SeriesTest.swift in Sources */ = {isa = PBXBuildFile; fileRef = 31FBEC7A1DC2CE01003C5F0D /* SeriesTest.swift */; };
		31FBEC7E1DC2CE24003C5F0D /* Series.swift in Sources */ = {isa = PBXBuildFile; fileRef = 31FBEC7D1DC2CE24003C5F0D /* Series.swift */; };
		31FDC1A61DCD4A5A0081B20B /* MatrixTest.swift in Sources */ = {isa = PBXBuildFile; fileRef = 31FDC1A21DCD4A540081B20B /* MatrixTest.swift */; };
		31FDC1A81DCD4A6F0081B20B /* Matrix.swift in Sources */ = {isa = PBXBuildFile; fileRef = 31FDC1A71DCD4A6F0081B20B /* Matrix.swift */; };
		4108F61D1CEA3F9600738A42 /* AllergiesTest.swift in Sources */ = {isa = PBXBuildFile; fileRef = 4108F6191CEA3F9100738A42 /* AllergiesTest.swift */; };
		4108F61F1CEA3FAA00738A42 /* Allergies.swift in Sources */ = {isa = PBXBuildFile; fileRef = 4108F61E1CEA3FAA00738A42 /* Allergies.swift */; };
		4108F6251CEA45AB00738A42 /* AccumulateTest.swift in Sources */ = {isa = PBXBuildFile; fileRef = 4108F6211CEA45A100738A42 /* AccumulateTest.swift */; };
		4108F6271CEA45D900738A42 /* Accumulate.swift in Sources */ = {isa = PBXBuildFile; fileRef = 4108F6261CEA45D900738A42 /* Accumulate.swift */; };
		411F5CFD1CEA7F1F008FBAAE /* SumOfMultiplesTest.swift in Sources */ = {isa = PBXBuildFile; fileRef = 411F5CFA1CEA7F0D008FBAAE /* SumOfMultiplesTest.swift */; };
		411F5CFF1CEA7F36008FBAAE /* SumOfMultiples.swift in Sources */ = {isa = PBXBuildFile; fileRef = 411F5CFE1CEA7F36008FBAAE /* SumOfMultiples.swift */; };
		4129745E1DB578FB004D0011 /* QueenAttackTest.swift in Sources */ = {isa = PBXBuildFile; fileRef = 4129745A1DB578F6004D0011 /* QueenAttackTest.swift */; };
		412974601DB57914004D0011 /* QueenAttack.swift in Sources */ = {isa = PBXBuildFile; fileRef = 4129745F1DB57914004D0011 /* QueenAttack.swift */; };
		412974821DB69C54004D0011 /* SieveTest.swift in Sources */ = {isa = PBXBuildFile; fileRef = 4129747F1DB69C4A004D0011 /* SieveTest.swift */; };
		412974841DB69C60004D0011 /* Sieve.swift in Sources */ = {isa = PBXBuildFile; fileRef = 412974831DB69C60004D0011 /* Sieve.swift */; };
		4129749B1DB96ACF004D0011 /* RobotSimulatorTest.swift in Sources */ = {isa = PBXBuildFile; fileRef = 412974981DB96AC3004D0011 /* RobotSimulatorTest.swift */; };
		4129749D1DB96AE1004D0011 /* RobotSimulator.swift in Sources */ = {isa = PBXBuildFile; fileRef = 4129749C1DB96AE1004D0011 /* RobotSimulator.swift */; };
		413DBD771CD3CABC008BE51B /* AppDelegate.swift in Sources */ = {isa = PBXBuildFile; fileRef = 413DBD761CD3CABC008BE51B /* AppDelegate.swift */; };
		413DBD791CD3CABC008BE51B /* ViewController.swift in Sources */ = {isa = PBXBuildFile; fileRef = 413DBD781CD3CABC008BE51B /* ViewController.swift */; };
		413DBD7C1CD3CABC008BE51B /* Main.storyboard in Resources */ = {isa = PBXBuildFile; fileRef = 413DBD7A1CD3CABC008BE51B /* Main.storyboard */; };
		413DBD7E1CD3CABC008BE51B /* Assets.xcassets in Resources */ = {isa = PBXBuildFile; fileRef = 413DBD7D1CD3CABC008BE51B /* Assets.xcassets */; };
		413DBD811CD3CABC008BE51B /* LaunchScreen.storyboard in Resources */ = {isa = PBXBuildFile; fileRef = 413DBD7F1CD3CABC008BE51B /* LaunchScreen.storyboard */; };
		413DBDB51CD3D015008BE51B /* helloWorld.swift in Sources */ = {isa = PBXBuildFile; fileRef = 413DBDA11CD3D015008BE51B /* helloWorld.swift */; };
		413DBDC11CD3D0DF008BE51B /* Leap.swift in Sources */ = {isa = PBXBuildFile; fileRef = 413DBDC01CD3D0DF008BE51B /* Leap.swift */; };
		413DBDC31CD3D104008BE51B /* Hamming.swift in Sources */ = {isa = PBXBuildFile; fileRef = 413DBDC21CD3D104008BE51B /* Hamming.swift */; };
		413DBDC51CD3D126008BE51B /* WordCount.swift in Sources */ = {isa = PBXBuildFile; fileRef = 413DBDC41CD3D126008BE51B /* WordCount.swift */; };
		413DBDC71CD3D14F008BE51B /* Etl.swift in Sources */ = {isa = PBXBuildFile; fileRef = 413DBDC61CD3D14F008BE51B /* Etl.swift */; };
		413DBDC81CD3D16C008BE51B /* WordCountTest.swift in Sources */ = {isa = PBXBuildFile; fileRef = 413DBDAE1CD3D015008BE51B /* WordCountTest.swift */; };
		413DBDC91CD3D16F008BE51B /* LeapTest.swift in Sources */ = {isa = PBXBuildFile; fileRef = 413DBDAA1CD3D015008BE51B /* LeapTest.swift */; };
		413DBDCA1CD3D174008BE51B /* HammingTest.swift in Sources */ = {isa = PBXBuildFile; fileRef = 413DBD9E1CD3D015008BE51B /* HammingTest.swift */; };
		413DBDCB1CD3D176008BE51B /* EtlTest.swift in Sources */ = {isa = PBXBuildFile; fileRef = 413DBD9B1CD3D015008BE51B /* EtlTest.swift */; };
		413DBDCD1CD3D248008BE51B /* AnagramTest.swift in Sources */ = {isa = PBXBuildFile; fileRef = 413DBD981CD3D015008BE51B /* AnagramTest.swift */; };
		413DBDCF1CD3D290008BE51B /* Anagram.swift in Sources */ = {isa = PBXBuildFile; fileRef = 413DBDCE1CD3D290008BE51B /* Anagram.swift */; };
		413DBDD61CD3DCE4008BE51B /* NucleotideCount.swift in Sources */ = {isa = PBXBuildFile; fileRef = 413DBDD51CD3DCE4008BE51B /* NucleotideCount.swift */; };
		413DBDD71CD3DCF7008BE51B /* NucleotideCountTest.swift in Sources */ = {isa = PBXBuildFile; fileRef = 413DBDD11CD3DCD6008BE51B /* NucleotideCountTest.swift */; };
		414B6FA41DAEF67B0067D42A /* DifferenceOfSquaresTest.swift in Sources */ = {isa = PBXBuildFile; fileRef = 414B6FA01DAEF66E0067D42A /* DifferenceOfSquaresTest.swift */; };
		414B6FA61DAEF68E0067D42A /* DifferenceOfSquares.swift in Sources */ = {isa = PBXBuildFile; fileRef = 414B6FA51DAEF68E0067D42A /* DifferenceOfSquares.swift */; };
		414B6FAC1DAF048A0067D42A /* RnaTranscriptionTest.swift in Sources */ = {isa = PBXBuildFile; fileRef = 414B6FA91DAF046D0067D42A /* RnaTranscriptionTest.swift */; };
		414B6FAE1DAF04970067D42A /* RnaTranscription.swift in Sources */ = {isa = PBXBuildFile; fileRef = 414B6FAD1DAF04970067D42A /* RnaTranscription.swift */; };
		414B6FB41DAF0DDC0067D42A /* GrainsTest.swift in Sources */ = {isa = PBXBuildFile; fileRef = 414B6FB01DAF0DD20067D42A /* GrainsTest.swift */; };
		414B6FB61DAF0DE80067D42A /* Grains.swift in Sources */ = {isa = PBXBuildFile; fileRef = 414B6FB51DAF0DE80067D42A /* Grains.swift */; };
		414B6FBC1DB058D20067D42A /* ClockTest.swift in Sources */ = {isa = PBXBuildFile; fileRef = 414B6FB81DB058BD0067D42A /* ClockTest.swift */; };
		414B6FBE1DB058DE0067D42A /* Clock.swift in Sources */ = {isa = PBXBuildFile; fileRef = 414B6FBD1DB058DE0067D42A /* Clock.swift */; };
		414D50161CF4FADC00EAA983 /* MeetupTest.swift in Sources */ = {isa = PBXBuildFile; fileRef = 414D50121CF4FAD200EAA983 /* MeetupTest.swift */; };
		414D50181CF4FAF500EAA983 /* Meetup.swift in Sources */ = {isa = PBXBuildFile; fileRef = 414D50171CF4FAF500EAA983 /* Meetup.swift */; };
		4151CD801CEBE199000EC29B /* TwelveDaysTest.swift in Sources */ = {isa = PBXBuildFile; fileRef = 4151CD7C1CEBE188000EC29B /* TwelveDaysTest.swift */; };
		4151CD821CEBE1A4000EC29B /* TwelveDays.swift in Sources */ = {isa = PBXBuildFile; fileRef = 4151CD811CEBE1A4000EC29B /* TwelveDays.swift */; };
		415B163D1D244D1A001AE860 /* BinaryTest.swift in Sources */ = {isa = PBXBuildFile; fileRef = 415B16391D244D0B001AE860 /* BinaryTest.swift */; };
		415B163F1D247DCC001AE860 /* Binary.swift in Sources */ = {isa = PBXBuildFile; fileRef = 415B163E1D247DCC001AE860 /* Binary.swift */; };
		415B16451D257BF9001AE860 /* PrimeFactorsTest.swift in Sources */ = {isa = PBXBuildFile; fileRef = 415B16411D257BED001AE860 /* PrimeFactorsTest.swift */; };
		415B16471D257C0F001AE860 /* PrimeFactors.swift in Sources */ = {isa = PBXBuildFile; fileRef = 415B16461D257C0F001AE860 /* PrimeFactors.swift */; };
		415B164D1D258326001AE860 /* RaindropsTest.swift in Sources */ = {isa = PBXBuildFile; fileRef = 415B16491D258317001AE860 /* RaindropsTest.swift */; };
		415B164F1D258336001AE860 /* Raindrops.swift in Sources */ = {isa = PBXBuildFile; fileRef = 415B164E1D258336001AE860 /* Raindrops.swift */; };
		415B16551D258C50001AE860 /* BobTest.swift in Sources */ = {isa = PBXBuildFile; fileRef = 415B16511D258C4C001AE860 /* BobTest.swift */; };
		415B16571D258C63001AE860 /* Bob.swift in Sources */ = {isa = PBXBuildFile; fileRef = 415B16561D258C63001AE860 /* Bob.swift */; };
		415B16621D25D75D001AE860 /* Strain.swift in Sources */ = {isa = PBXBuildFile; fileRef = 415B16611D25D75D001AE860 /* Strain.swift */; };
		415B16631D25D775001AE860 /* StrainTest.swift in Sources */ = {isa = PBXBuildFile; fileRef = 415B165E1D25D752001AE860 /* StrainTest.swift */; };
		415B16691D25DEB2001AE860 /* AtbashTest.swift in Sources */ = {isa = PBXBuildFile; fileRef = 415B16651D25DEAC001AE860 /* AtbashTest.swift */; };
		415B166B1D25DEC2001AE860 /* Atbash.swift in Sources */ = {isa = PBXBuildFile; fileRef = 415B166A1D25DEC2001AE860 /* Atbash.swift */; };
		415B16751D272BB9001AE860 /* CryptoSquareTest.swift in Sources */ = {isa = PBXBuildFile; fileRef = 415B16711D272BAC001AE860 /* CryptoSquareTest.swift */; };
		415B16771D272BC9001AE860 /* CryptoSquare.swift in Sources */ = {isa = PBXBuildFile; fileRef = 415B16761D272BC9001AE860 /* CryptoSquare.swift */; };
		4162B6961CE3F8A700F68FE9 /* GradeSchoolTest.swift in Sources */ = {isa = PBXBuildFile; fileRef = 4162B6921CE3F86600F68FE9 /* GradeSchoolTest.swift */; };
		4162B6981CE405FB00F68FE9 /* GradeSchool.swift in Sources */ = {isa = PBXBuildFile; fileRef = 4162B6971CE405FB00F68FE9 /* GradeSchool.swift */; };
		4162B6B11CE532A500F68FE9 /* RobotNameTest.swift in Sources */ = {isa = PBXBuildFile; fileRef = 4162B6AE1CE5329C00F68FE9 /* RobotNameTest.swift */; };
		4169B1061D00FE2000F7C979 /* RomanNumeralsTest.swift in Sources */ = {isa = PBXBuildFile; fileRef = 4169B1031D00FE1300F7C979 /* RomanNumeralsTest.swift */; };
		4169B1081D00FE2E00F7C979 /* RomanNumerals.swift in Sources */ = {isa = PBXBuildFile; fileRef = 4169B1071D00FE2E00F7C979 /* RomanNumerals.swift */; };
		4191B3231CDAB8BB00E841B2 /* PhoneNumber.swift in Sources */ = {isa = PBXBuildFile; fileRef = 4191B3221CDAB8BB00E841B2 /* PhoneNumber.swift */; };
		4191B3241CDAB8E200E841B2 /* PhoneNumberTest.swift in Sources */ = {isa = PBXBuildFile; fileRef = 4191B31A1CDAB29400E841B2 /* PhoneNumberTest.swift */; };
		41A3AD401DB539AE00EC2623 /* KindergartenGardenTest.swift in Sources */ = {isa = PBXBuildFile; fileRef = 41A3AD3C1DB539A900EC2623 /* KindergartenGardenTest.swift */; };
		41A3AD421DB539CD00EC2623 /* KindergartenGarden.swift in Sources */ = {isa = PBXBuildFile; fileRef = 41A3AD411DB539CD00EC2623 /* KindergartenGarden.swift */; };
		41AFEE271CED0AE800735796 /* SpaceAgeTest.swift in Sources */ = {isa = PBXBuildFile; fileRef = 41AFEE241CED0ADC00735796 /* SpaceAgeTest.swift */; };
		41AFEE291CED0B0700735796 /* SpaceAge.swift in Sources */ = {isa = PBXBuildFile; fileRef = 41AFEE281CED0B0700735796 /* SpaceAge.swift */; };
		41AFEE2F1CEE1B4000735796 /* GigasecondTest.swift in Sources */ = {isa = PBXBuildFile; fileRef = 41AFEE2B1CEE1B3400735796 /* GigasecondTest.swift */; };
		41AFEE311CEE1B6400735796 /* Gigasecond.swift in Sources */ = {isa = PBXBuildFile; fileRef = 41AFEE301CEE1B6400735796 /* Gigasecond.swift */; };
		41BAAB691CE63A6300B2AD63 /* RobotName.swift in Sources */ = {isa = PBXBuildFile; fileRef = 41BAAB681CE63A6300B2AD63 /* RobotName.swift */; };
		41BAAB6F1CE6463300B2AD63 /* PerfectNumbersTest.swift in Sources */ = {isa = PBXBuildFile; fileRef = 41BAAB6B1CE6462500B2AD63 /* PerfectNumbersTest.swift */; };
		41C59E6F1CE6924100236624 /* PerfectNumbers.swift in Sources */ = {isa = PBXBuildFile; fileRef = 41C59E6E1CE6924100236624 /* PerfectNumbers.swift */; };
		41EDF54A1D00E2FB004219D0 /* TriangleTest.swift in Sources */ = {isa = PBXBuildFile; fileRef = 41EDF5471D00E2E9004219D0 /* TriangleTest.swift */; };
		41EDF54C1D00E32A004219D0 /* Triangle.swift in Sources */ = {isa = PBXBuildFile; fileRef = 41EDF54B1D00E32A004219D0 /* Triangle.swift */; };
		41EDF5531D00E7DD004219D0 /* ScrabbleScoreTest.swift in Sources */ = {isa = PBXBuildFile; fileRef = 41EDF54F1D00E7CD004219D0 /* ScrabbleScoreTest.swift */; };
		41EDF5551D00E7ED004219D0 /* ScrabbleScore.swift in Sources */ = {isa = PBXBuildFile; fileRef = 41EDF5541D00E7ED004219D0 /* ScrabbleScore.swift */; };
/* End PBXBuildFile section */

/* Begin PBXContainerItemProxy section */
		413DBD881CD3CABC008BE51B /* PBXContainerItemProxy */ = {
			isa = PBXContainerItemProxy;
			containerPortal = 413DBD6B1CD3CABB008BE51B /* Project object */;
			proxyType = 1;
			remoteGlobalIDString = 413DBD721CD3CABC008BE51B;
			remoteInfo = Exercism;
		};
/* End PBXContainerItemProxy section */

/* Begin PBXFileReference section */
		314F5F5E1DD1367B00A7A375 /* AllYourBaseTest.swift */ = {isa = PBXFileReference; fileEncoding = 4; lastKnownFileType = sourcecode.swift; path = AllYourBaseTest.swift; sourceTree = "<group>"; };
		314F5F5F1DD1367B00A7A375 /* README.md */ = {isa = PBXFileReference; fileEncoding = 4; lastKnownFileType = net.daringfireball.markdown; path = README.md; sourceTree = "<group>"; };
		314F5F631DD1369900A7A375 /* AllYourBase.swift */ = {isa = PBXFileReference; fileEncoding = 4; lastKnownFileType = sourcecode.swift; path = AllYourBase.swift; sourceTree = "<group>"; };
		3153999C1DC3ED6500C19DB2 /* README.md */ = {isa = PBXFileReference; fileEncoding = 4; lastKnownFileType = net.daringfireball.markdown; path = README.md; sourceTree = "<group>"; };
		3153999D1DC3ED6500C19DB2 /* SimpleLinkedListTest.swift */ = {isa = PBXFileReference; fileEncoding = 4; lastKnownFileType = sourcecode.swift; path = SimpleLinkedListTest.swift; sourceTree = "<group>"; };
		315399A11DC3ED8900C19DB2 /* SimpleLinkedList.swift */ = {isa = PBXFileReference; fileEncoding = 4; lastKnownFileType = sourcecode.swift; path = SimpleLinkedList.swift; sourceTree = "<group>"; };
		317083D21DDBC5FE00458C2E /* README.md */ = {isa = PBXFileReference; fileEncoding = 4; lastKnownFileType = net.daringfireball.markdown; path = README.md; sourceTree = "<group>"; };
		317083D31DDBC5FE00458C2E /* SaddlePointsTest.swift */ = {isa = PBXFileReference; fileEncoding = 4; lastKnownFileType = sourcecode.swift; path = SaddlePointsTest.swift; sourceTree = "<group>"; };
		318FDEA41DCAB8CB0071FCA5 /* AcronymTest.swift */ = {isa = PBXFileReference; fileEncoding = 4; lastKnownFileType = sourcecode.swift; path = AcronymTest.swift; sourceTree = "<group>"; };
		318FDEA51DCAB8CB0071FCA5 /* README.md */ = {isa = PBXFileReference; fileEncoding = 4; lastKnownFileType = net.daringfireball.markdown; path = README.md; sourceTree = "<group>"; };
		318FDEA91DCAB8E50071FCA5 /* Acronym.swift */ = {isa = PBXFileReference; fileEncoding = 4; lastKnownFileType = sourcecode.swift; path = Acronym.swift; sourceTree = "<group>"; };
		319B7C2C1DD24096007B3101 /* LargestSeriesProductTest.swift */ = {isa = PBXFileReference; fileEncoding = 4; lastKnownFileType = sourcecode.swift; path = LargestSeriesProductTest.swift; sourceTree = "<group>"; };
		319B7C2D1DD24096007B3101 /* README.md */ = {isa = PBXFileReference; fileEncoding = 4; lastKnownFileType = net.daringfireball.markdown; path = README.md; sourceTree = "<group>"; };
		319B7C311DD240D6007B3101 /* LargestSeriesProduct.swift */ = {isa = PBXFileReference; fileEncoding = 4; lastKnownFileType = sourcecode.swift; path = LargestSeriesProduct.swift; sourceTree = "<group>"; };
		319B7C401DD3BB67007B3101 /* HouseTest.swift */ = {isa = PBXFileReference; fileEncoding = 4; lastKnownFileType = sourcecode.swift; path = HouseTest.swift; sourceTree = "<group>"; };
		319B7C411DD3BB67007B3101 /* README.md */ = {isa = PBXFileReference; fileEncoding = 4; lastKnownFileType = net.daringfireball.markdown; path = README.md; sourceTree = "<group>"; };
		319B7C451DD3BB88007B3101 /* House.swift */ = {isa = PBXFileReference; fileEncoding = 4; lastKnownFileType = sourcecode.swift; path = House.swift; sourceTree = "<group>"; };
		319B7C7D1DD672ED007B3101 /* PythagoreanTripletTest.swift */ = {isa = PBXFileReference; fileEncoding = 4; lastKnownFileType = sourcecode.swift; path = PythagoreanTripletTest.swift; sourceTree = "<group>"; };
		319B7C7E1DD672ED007B3101 /* README.md */ = {isa = PBXFileReference; fileEncoding = 4; lastKnownFileType = net.daringfireball.markdown; path = README.md; sourceTree = "<group>"; };
		319B7C821DD67307007B3101 /* PythagoreanTriplet.swift */ = {isa = PBXFileReference; fileEncoding = 4; lastKnownFileType = sourcecode.swift; path = PythagoreanTriplet.swift; sourceTree = "<group>"; };
		31BEEB901DBFC4580035E9CF /* BinarySearch.swift */ = {isa = PBXFileReference; fileEncoding = 4; lastKnownFileType = sourcecode.swift; name = BinarySearch.swift; path = "binary-search/BinarySearch.swift"; sourceTree = "<group>"; };
		31BEEB911DBFC4580035E9CF /* BinarySearchTest.swift */ = {isa = PBXFileReference; fileEncoding = 4; lastKnownFileType = sourcecode.swift; name = BinarySearchTest.swift; path = "binary-search/BinarySearchTest.swift"; sourceTree = "<group>"; };
		31BEEB921DBFC4580035E9CF /* README.md */ = {isa = PBXFileReference; fileEncoding = 4; lastKnownFileType = net.daringfireball.markdown; name = README.md; path = "binary-search/README.md"; sourceTree = "<group>"; };
		31C6E1DC1DDE5EF800730337 /* SaddlePoints.swift */ = {isa = PBXFileReference; fileEncoding = 4; lastKnownFileType = sourcecode.swift; path = SaddlePoints.swift; sourceTree = "<group>"; };
		31F896A21DE525E30004E7D9 /* PascalsTriangleTest.swift */ = {isa = PBXFileReference; fileEncoding = 4; lastKnownFileType = sourcecode.swift; path = PascalsTriangleTest.swift; sourceTree = "<group>"; };
		31F896A31DE525E30004E7D9 /* README.md */ = {isa = PBXFileReference; fileEncoding = 4; lastKnownFileType = net.daringfireball.markdown; path = README.md; sourceTree = "<group>"; };
		31F896A71DE526000004E7D9 /* PascalsTriangle.swift */ = {isa = PBXFileReference; fileEncoding = 4; lastKnownFileType = sourcecode.swift; path = PascalsTriangle.swift; sourceTree = "<group>"; };
		31F896B91DECEC5A0004E7D9 /* PangramTest.swift */ = {isa = PBXFileReference; fileEncoding = 4; lastKnownFileType = sourcecode.swift; path = PangramTest.swift; sourceTree = "<group>"; };
		31F896BA1DECEC5A0004E7D9 /* README.md */ = {isa = PBXFileReference; fileEncoding = 4; lastKnownFileType = net.daringfireball.markdown; path = README.md; sourceTree = "<group>"; };
		31F896BE1DECEC730004E7D9 /* Pangram.swift */ = {isa = PBXFileReference; fileEncoding = 4; lastKnownFileType = sourcecode.swift; path = Pangram.swift; sourceTree = "<group>"; };
		31FBEC721DC2BB03003C5F0D /* README.md */ = {isa = PBXFileReference; fileEncoding = 4; lastKnownFileType = net.daringfireball.markdown; path = README.md; sourceTree = "<group>"; };
		31FBEC731DC2BB03003C5F0D /* SecretHandshakeTest.swift */ = {isa = PBXFileReference; fileEncoding = 4; lastKnownFileType = sourcecode.swift; path = SecretHandshakeTest.swift; sourceTree = "<group>"; };
		31FBEC761DC2BB29003C5F0D /* SecretHandshake.swift */ = {isa = PBXFileReference; fileEncoding = 4; lastKnownFileType = sourcecode.swift; path = SecretHandshake.swift; sourceTree = "<group>"; };
		31FBEC791DC2CE01003C5F0D /* README.md */ = {isa = PBXFileReference; fileEncoding = 4; lastKnownFileType = net.daringfireball.markdown; path = README.md; sourceTree = "<group>"; };
		31FBEC7A1DC2CE01003C5F0D /* SeriesTest.swift */ = {isa = PBXFileReference; fileEncoding = 4; lastKnownFileType = sourcecode.swift; path = SeriesTest.swift; sourceTree = "<group>"; };
		31FBEC7D1DC2CE24003C5F0D /* Series.swift */ = {isa = PBXFileReference; fileEncoding = 4; lastKnownFileType = sourcecode.swift; path = Series.swift; sourceTree = "<group>"; };
		31FDC1A21DCD4A540081B20B /* MatrixTest.swift */ = {isa = PBXFileReference; fileEncoding = 4; lastKnownFileType = sourcecode.swift; path = MatrixTest.swift; sourceTree = "<group>"; };
		31FDC1A31DCD4A540081B20B /* README.md */ = {isa = PBXFileReference; fileEncoding = 4; lastKnownFileType = net.daringfireball.markdown; path = README.md; sourceTree = "<group>"; };
		31FDC1A71DCD4A6F0081B20B /* Matrix.swift */ = {isa = PBXFileReference; fileEncoding = 4; lastKnownFileType = sourcecode.swift; path = Matrix.swift; sourceTree = "<group>"; };
		4108F6191CEA3F9100738A42 /* AllergiesTest.swift */ = {isa = PBXFileReference; fileEncoding = 4; lastKnownFileType = sourcecode.swift; path = AllergiesTest.swift; sourceTree = "<group>"; };
		4108F61A1CEA3F9100738A42 /* README.md */ = {isa = PBXFileReference; fileEncoding = 4; lastKnownFileType = net.daringfireball.markdown; path = README.md; sourceTree = "<group>"; };
		4108F61E1CEA3FAA00738A42 /* Allergies.swift */ = {isa = PBXFileReference; fileEncoding = 4; lastKnownFileType = sourcecode.swift; path = Allergies.swift; sourceTree = "<group>"; };
		4108F6211CEA45A100738A42 /* AccumulateTest.swift */ = {isa = PBXFileReference; fileEncoding = 4; lastKnownFileType = sourcecode.swift; path = AccumulateTest.swift; sourceTree = "<group>"; };
		4108F6221CEA45A100738A42 /* README.md */ = {isa = PBXFileReference; fileEncoding = 4; lastKnownFileType = net.daringfireball.markdown; path = README.md; sourceTree = "<group>"; };
		4108F6261CEA45D900738A42 /* Accumulate.swift */ = {isa = PBXFileReference; fileEncoding = 4; lastKnownFileType = sourcecode.swift; path = Accumulate.swift; sourceTree = "<group>"; };
		411F5CF91CEA7F0D008FBAAE /* README.md */ = {isa = PBXFileReference; fileEncoding = 4; lastKnownFileType = net.daringfireball.markdown; path = README.md; sourceTree = "<group>"; };
		411F5CFA1CEA7F0D008FBAAE /* SumOfMultiplesTest.swift */ = {isa = PBXFileReference; fileEncoding = 4; lastKnownFileType = sourcecode.swift; path = SumOfMultiplesTest.swift; sourceTree = "<group>"; };
		411F5CFE1CEA7F36008FBAAE /* SumOfMultiples.swift */ = {isa = PBXFileReference; fileEncoding = 4; lastKnownFileType = sourcecode.swift; path = SumOfMultiples.swift; sourceTree = "<group>"; };
		4129745A1DB578F6004D0011 /* QueenAttackTest.swift */ = {isa = PBXFileReference; fileEncoding = 4; lastKnownFileType = sourcecode.swift; path = QueenAttackTest.swift; sourceTree = "<group>"; };
		4129745B1DB578F6004D0011 /* README.md */ = {isa = PBXFileReference; fileEncoding = 4; lastKnownFileType = net.daringfireball.markdown; path = README.md; sourceTree = "<group>"; };
		4129745F1DB57914004D0011 /* QueenAttack.swift */ = {isa = PBXFileReference; fileEncoding = 4; lastKnownFileType = sourcecode.swift; path = QueenAttack.swift; sourceTree = "<group>"; };
		4129747E1DB69C4A004D0011 /* README.md */ = {isa = PBXFileReference; fileEncoding = 4; lastKnownFileType = net.daringfireball.markdown; path = README.md; sourceTree = "<group>"; };
		4129747F1DB69C4A004D0011 /* SieveTest.swift */ = {isa = PBXFileReference; fileEncoding = 4; lastKnownFileType = sourcecode.swift; path = SieveTest.swift; sourceTree = "<group>"; };
		412974831DB69C60004D0011 /* Sieve.swift */ = {isa = PBXFileReference; fileEncoding = 4; lastKnownFileType = sourcecode.swift; path = Sieve.swift; sourceTree = "<group>"; };
		412974971DB96AC3004D0011 /* README.md */ = {isa = PBXFileReference; fileEncoding = 4; lastKnownFileType = net.daringfireball.markdown; path = README.md; sourceTree = "<group>"; };
		412974981DB96AC3004D0011 /* RobotSimulatorTest.swift */ = {isa = PBXFileReference; fileEncoding = 4; lastKnownFileType = sourcecode.swift; path = RobotSimulatorTest.swift; sourceTree = "<group>"; };
		4129749C1DB96AE1004D0011 /* RobotSimulator.swift */ = {isa = PBXFileReference; fileEncoding = 4; lastKnownFileType = sourcecode.swift; path = RobotSimulator.swift; sourceTree = "<group>"; };
		413DBD731CD3CABC008BE51B /* Exercism.app */ = {isa = PBXFileReference; explicitFileType = wrapper.application; includeInIndex = 0; path = Exercism.app; sourceTree = BUILT_PRODUCTS_DIR; };
		413DBD761CD3CABC008BE51B /* AppDelegate.swift */ = {isa = PBXFileReference; lastKnownFileType = sourcecode.swift; path = AppDelegate.swift; sourceTree = "<group>"; };
		413DBD781CD3CABC008BE51B /* ViewController.swift */ = {isa = PBXFileReference; lastKnownFileType = sourcecode.swift; path = ViewController.swift; sourceTree = "<group>"; };
		413DBD7B1CD3CABC008BE51B /* Base */ = {isa = PBXFileReference; lastKnownFileType = file.storyboard; name = Base; path = Base.lproj/Main.storyboard; sourceTree = "<group>"; };
		413DBD7D1CD3CABC008BE51B /* Assets.xcassets */ = {isa = PBXFileReference; lastKnownFileType = folder.assetcatalog; path = Assets.xcassets; sourceTree = "<group>"; };
		413DBD801CD3CABC008BE51B /* Base */ = {isa = PBXFileReference; lastKnownFileType = file.storyboard; name = Base; path = Base.lproj/LaunchScreen.storyboard; sourceTree = "<group>"; };
		413DBD821CD3CABC008BE51B /* Info.plist */ = {isa = PBXFileReference; lastKnownFileType = text.plist.xml; path = Info.plist; sourceTree = "<group>"; };
		413DBD871CD3CABC008BE51B /* ExercismTests.xctest */ = {isa = PBXFileReference; explicitFileType = wrapper.cfbundle; includeInIndex = 0; path = ExercismTests.xctest; sourceTree = BUILT_PRODUCTS_DIR; };
		413DBD8D1CD3CABC008BE51B /* Info.plist */ = {isa = PBXFileReference; lastKnownFileType = text.plist.xml; path = Info.plist; sourceTree = "<group>"; };
		413DBD981CD3D015008BE51B /* AnagramTest.swift */ = {isa = PBXFileReference; fileEncoding = 4; lastKnownFileType = sourcecode.swift; path = AnagramTest.swift; sourceTree = "<group>"; };
		413DBD991CD3D015008BE51B /* README.md */ = {isa = PBXFileReference; fileEncoding = 4; lastKnownFileType = net.daringfireball.markdown; path = README.md; sourceTree = "<group>"; };
		413DBD9B1CD3D015008BE51B /* EtlTest.swift */ = {isa = PBXFileReference; fileEncoding = 4; lastKnownFileType = sourcecode.swift; path = EtlTest.swift; sourceTree = "<group>"; };
		413DBD9C1CD3D015008BE51B /* README.md */ = {isa = PBXFileReference; fileEncoding = 4; lastKnownFileType = net.daringfireball.markdown; path = README.md; sourceTree = "<group>"; };
		413DBD9E1CD3D015008BE51B /* HammingTest.swift */ = {isa = PBXFileReference; fileEncoding = 4; lastKnownFileType = sourcecode.swift; path = HammingTest.swift; sourceTree = "<group>"; };
		413DBD9F1CD3D015008BE51B /* README.md */ = {isa = PBXFileReference; fileEncoding = 4; lastKnownFileType = net.daringfireball.markdown; path = README.md; sourceTree = "<group>"; };
		413DBDA11CD3D015008BE51B /* helloWorld.swift */ = {isa = PBXFileReference; fileEncoding = 4; lastKnownFileType = sourcecode.swift; path = helloWorld.swift; sourceTree = "<group>"; };
		413DBDA81CD3D015008BE51B /* README.md */ = {isa = PBXFileReference; fileEncoding = 4; lastKnownFileType = net.daringfireball.markdown; path = README.md; sourceTree = "<group>"; };
		413DBDAA1CD3D015008BE51B /* LeapTest.swift */ = {isa = PBXFileReference; fileEncoding = 4; lastKnownFileType = sourcecode.swift; path = LeapTest.swift; sourceTree = "<group>"; };
		413DBDAB1CD3D015008BE51B /* README.md */ = {isa = PBXFileReference; fileEncoding = 4; lastKnownFileType = net.daringfireball.markdown; path = README.md; sourceTree = "<group>"; };
		413DBDAD1CD3D015008BE51B /* README.md */ = {isa = PBXFileReference; fileEncoding = 4; lastKnownFileType = net.daringfireball.markdown; path = README.md; sourceTree = "<group>"; };
		413DBDAE1CD3D015008BE51B /* WordCountTest.swift */ = {isa = PBXFileReference; fileEncoding = 4; lastKnownFileType = sourcecode.swift; path = WordCountTest.swift; sourceTree = "<group>"; };
		413DBDC01CD3D0DF008BE51B /* Leap.swift */ = {isa = PBXFileReference; fileEncoding = 4; lastKnownFileType = sourcecode.swift; path = Leap.swift; sourceTree = "<group>"; };
		413DBDC21CD3D104008BE51B /* Hamming.swift */ = {isa = PBXFileReference; fileEncoding = 4; lastKnownFileType = sourcecode.swift; path = Hamming.swift; sourceTree = "<group>"; };
		413DBDC41CD3D126008BE51B /* WordCount.swift */ = {isa = PBXFileReference; fileEncoding = 4; lastKnownFileType = sourcecode.swift; path = WordCount.swift; sourceTree = "<group>"; };
		413DBDC61CD3D14F008BE51B /* Etl.swift */ = {isa = PBXFileReference; fileEncoding = 4; lastKnownFileType = sourcecode.swift; path = Etl.swift; sourceTree = "<group>"; };
		413DBDCE1CD3D290008BE51B /* Anagram.swift */ = {isa = PBXFileReference; fileEncoding = 4; lastKnownFileType = sourcecode.swift; path = Anagram.swift; sourceTree = "<group>"; };
		413DBDD11CD3DCD6008BE51B /* NucleotideCountTest.swift */ = {isa = PBXFileReference; fileEncoding = 4; lastKnownFileType = sourcecode.swift; path = NucleotideCountTest.swift; sourceTree = "<group>"; };
		413DBDD21CD3DCD6008BE51B /* README.md */ = {isa = PBXFileReference; fileEncoding = 4; lastKnownFileType = net.daringfireball.markdown; path = README.md; sourceTree = "<group>"; };
		413DBDD51CD3DCE4008BE51B /* NucleotideCount.swift */ = {isa = PBXFileReference; fileEncoding = 4; lastKnownFileType = sourcecode.swift; path = NucleotideCount.swift; sourceTree = "<group>"; };
		414B6FA01DAEF66E0067D42A /* DifferenceOfSquaresTest.swift */ = {isa = PBXFileReference; fileEncoding = 4; lastKnownFileType = sourcecode.swift; path = DifferenceOfSquaresTest.swift; sourceTree = "<group>"; };
		414B6FA11DAEF66E0067D42A /* README.md */ = {isa = PBXFileReference; fileEncoding = 4; lastKnownFileType = net.daringfireball.markdown; path = README.md; sourceTree = "<group>"; };
		414B6FA51DAEF68E0067D42A /* DifferenceOfSquares.swift */ = {isa = PBXFileReference; fileEncoding = 4; lastKnownFileType = sourcecode.swift; path = DifferenceOfSquares.swift; sourceTree = "<group>"; };
		414B6FA81DAF046D0067D42A /* README.md */ = {isa = PBXFileReference; fileEncoding = 4; lastKnownFileType = net.daringfireball.markdown; path = README.md; sourceTree = "<group>"; };
		414B6FA91DAF046D0067D42A /* RnaTranscriptionTest.swift */ = {isa = PBXFileReference; fileEncoding = 4; lastKnownFileType = sourcecode.swift; path = RnaTranscriptionTest.swift; sourceTree = "<group>"; };
		414B6FAD1DAF04970067D42A /* RnaTranscription.swift */ = {isa = PBXFileReference; fileEncoding = 4; lastKnownFileType = sourcecode.swift; path = RnaTranscription.swift; sourceTree = "<group>"; };
		414B6FB01DAF0DD20067D42A /* GrainsTest.swift */ = {isa = PBXFileReference; fileEncoding = 4; lastKnownFileType = sourcecode.swift; path = GrainsTest.swift; sourceTree = "<group>"; };
		414B6FB11DAF0DD20067D42A /* README.md */ = {isa = PBXFileReference; fileEncoding = 4; lastKnownFileType = net.daringfireball.markdown; path = README.md; sourceTree = "<group>"; };
		414B6FB51DAF0DE80067D42A /* Grains.swift */ = {isa = PBXFileReference; fileEncoding = 4; lastKnownFileType = sourcecode.swift; path = Grains.swift; sourceTree = "<group>"; };
		414B6FB81DB058BD0067D42A /* ClockTest.swift */ = {isa = PBXFileReference; fileEncoding = 4; lastKnownFileType = sourcecode.swift; path = ClockTest.swift; sourceTree = "<group>"; };
		414B6FB91DB058BD0067D42A /* README.md */ = {isa = PBXFileReference; fileEncoding = 4; lastKnownFileType = net.daringfireball.markdown; path = README.md; sourceTree = "<group>"; };
		414B6FBD1DB058DE0067D42A /* Clock.swift */ = {isa = PBXFileReference; fileEncoding = 4; lastKnownFileType = sourcecode.swift; path = Clock.swift; sourceTree = "<group>"; };
		414D50121CF4FAD200EAA983 /* MeetupTest.swift */ = {isa = PBXFileReference; fileEncoding = 4; lastKnownFileType = sourcecode.swift; path = MeetupTest.swift; sourceTree = "<group>"; };
		414D50131CF4FAD200EAA983 /* README.md */ = {isa = PBXFileReference; fileEncoding = 4; lastKnownFileType = net.daringfireball.markdown; path = README.md; sourceTree = "<group>"; };
		414D50171CF4FAF500EAA983 /* Meetup.swift */ = {isa = PBXFileReference; fileEncoding = 4; lastKnownFileType = sourcecode.swift; path = Meetup.swift; sourceTree = "<group>"; };
		4151CD7B1CEBE188000EC29B /* README.md */ = {isa = PBXFileReference; fileEncoding = 4; lastKnownFileType = net.daringfireball.markdown; path = README.md; sourceTree = "<group>"; };
		4151CD7C1CEBE188000EC29B /* TwelveDaysTest.swift */ = {isa = PBXFileReference; fileEncoding = 4; lastKnownFileType = sourcecode.swift; path = TwelveDaysTest.swift; sourceTree = "<group>"; };
		4151CD811CEBE1A4000EC29B /* TwelveDays.swift */ = {isa = PBXFileReference; fileEncoding = 4; lastKnownFileType = sourcecode.swift; path = TwelveDays.swift; sourceTree = "<group>"; };
		415B16391D244D0B001AE860 /* BinaryTest.swift */ = {isa = PBXFileReference; fileEncoding = 4; lastKnownFileType = sourcecode.swift; path = BinaryTest.swift; sourceTree = "<group>"; };
		415B163A1D244D0B001AE860 /* README.md */ = {isa = PBXFileReference; fileEncoding = 4; lastKnownFileType = net.daringfireball.markdown; path = README.md; sourceTree = "<group>"; };
		415B163E1D247DCC001AE860 /* Binary.swift */ = {isa = PBXFileReference; fileEncoding = 4; lastKnownFileType = sourcecode.swift; path = Binary.swift; sourceTree = "<group>"; };
		415B16411D257BED001AE860 /* PrimeFactorsTest.swift */ = {isa = PBXFileReference; fileEncoding = 4; lastKnownFileType = sourcecode.swift; path = PrimeFactorsTest.swift; sourceTree = "<group>"; };
		415B16421D257BED001AE860 /* README.md */ = {isa = PBXFileReference; fileEncoding = 4; lastKnownFileType = net.daringfireball.markdown; path = README.md; sourceTree = "<group>"; };
		415B16461D257C0F001AE860 /* PrimeFactors.swift */ = {isa = PBXFileReference; fileEncoding = 4; lastKnownFileType = sourcecode.swift; path = PrimeFactors.swift; sourceTree = "<group>"; };
		415B16491D258317001AE860 /* RaindropsTest.swift */ = {isa = PBXFileReference; fileEncoding = 4; lastKnownFileType = sourcecode.swift; path = RaindropsTest.swift; sourceTree = "<group>"; };
		415B164A1D258317001AE860 /* README.md */ = {isa = PBXFileReference; fileEncoding = 4; lastKnownFileType = net.daringfireball.markdown; path = README.md; sourceTree = "<group>"; };
		415B164E1D258336001AE860 /* Raindrops.swift */ = {isa = PBXFileReference; fileEncoding = 4; lastKnownFileType = sourcecode.swift; path = Raindrops.swift; sourceTree = "<group>"; };
		415B16511D258C4C001AE860 /* BobTest.swift */ = {isa = PBXFileReference; fileEncoding = 4; lastKnownFileType = sourcecode.swift; path = BobTest.swift; sourceTree = "<group>"; };
		415B16521D258C4C001AE860 /* README.md */ = {isa = PBXFileReference; fileEncoding = 4; lastKnownFileType = net.daringfireball.markdown; path = README.md; sourceTree = "<group>"; };
		415B16561D258C63001AE860 /* Bob.swift */ = {isa = PBXFileReference; fileEncoding = 4; lastKnownFileType = sourcecode.swift; path = Bob.swift; sourceTree = "<group>"; };
		415B165D1D25D752001AE860 /* README.md */ = {isa = PBXFileReference; fileEncoding = 4; lastKnownFileType = net.daringfireball.markdown; path = README.md; sourceTree = "<group>"; };
		415B165E1D25D752001AE860 /* StrainTest.swift */ = {isa = PBXFileReference; fileEncoding = 4; lastKnownFileType = sourcecode.swift; path = StrainTest.swift; sourceTree = "<group>"; };
		415B16611D25D75D001AE860 /* Strain.swift */ = {isa = PBXFileReference; fileEncoding = 4; lastKnownFileType = sourcecode.swift; path = Strain.swift; sourceTree = "<group>"; };
		415B16651D25DEAC001AE860 /* AtbashTest.swift */ = {isa = PBXFileReference; fileEncoding = 4; lastKnownFileType = sourcecode.swift; path = AtbashTest.swift; sourceTree = "<group>"; };
		415B16661D25DEAC001AE860 /* README.md */ = {isa = PBXFileReference; fileEncoding = 4; lastKnownFileType = net.daringfireball.markdown; path = README.md; sourceTree = "<group>"; };
		415B166A1D25DEC2001AE860 /* Atbash.swift */ = {isa = PBXFileReference; fileEncoding = 4; lastKnownFileType = sourcecode.swift; path = Atbash.swift; sourceTree = "<group>"; };
		415B16711D272BAC001AE860 /* CryptoSquareTest.swift */ = {isa = PBXFileReference; fileEncoding = 4; lastKnownFileType = sourcecode.swift; path = CryptoSquareTest.swift; sourceTree = "<group>"; };
		415B16721D272BAC001AE860 /* README.md */ = {isa = PBXFileReference; fileEncoding = 4; lastKnownFileType = net.daringfireball.markdown; path = README.md; sourceTree = "<group>"; };
		415B16761D272BC9001AE860 /* CryptoSquare.swift */ = {isa = PBXFileReference; fileEncoding = 4; lastKnownFileType = sourcecode.swift; path = CryptoSquare.swift; sourceTree = "<group>"; };
		4162B6921CE3F86600F68FE9 /* GradeSchoolTest.swift */ = {isa = PBXFileReference; fileEncoding = 4; lastKnownFileType = sourcecode.swift; path = GradeSchoolTest.swift; sourceTree = "<group>"; };
		4162B6931CE3F86600F68FE9 /* README.md */ = {isa = PBXFileReference; fileEncoding = 4; lastKnownFileType = net.daringfireball.markdown; path = README.md; sourceTree = "<group>"; };
		4162B6971CE405FB00F68FE9 /* GradeSchool.swift */ = {isa = PBXFileReference; fileEncoding = 4; lastKnownFileType = sourcecode.swift; path = GradeSchool.swift; sourceTree = "<group>"; };
		4162B6AD1CE5329C00F68FE9 /* README.md */ = {isa = PBXFileReference; fileEncoding = 4; lastKnownFileType = net.daringfireball.markdown; path = README.md; sourceTree = "<group>"; };
		4162B6AE1CE5329C00F68FE9 /* RobotNameTest.swift */ = {isa = PBXFileReference; fileEncoding = 4; lastKnownFileType = sourcecode.swift; path = RobotNameTest.swift; sourceTree = "<group>"; };
		4169B1021D00FE1300F7C979 /* README.md */ = {isa = PBXFileReference; fileEncoding = 4; lastKnownFileType = net.daringfireball.markdown; path = README.md; sourceTree = "<group>"; };
		4169B1031D00FE1300F7C979 /* RomanNumeralsTest.swift */ = {isa = PBXFileReference; fileEncoding = 4; lastKnownFileType = sourcecode.swift; path = RomanNumeralsTest.swift; sourceTree = "<group>"; };
		4169B1071D00FE2E00F7C979 /* RomanNumerals.swift */ = {isa = PBXFileReference; fileEncoding = 4; lastKnownFileType = sourcecode.swift; path = RomanNumerals.swift; sourceTree = "<group>"; };
		4191B3181CDAAB3E00E841B2 /* Exercism.playground */ = {isa = PBXFileReference; lastKnownFileType = file.playground; path = Exercism.playground; sourceTree = "<group>"; };
		4191B31A1CDAB29400E841B2 /* PhoneNumberTest.swift */ = {isa = PBXFileReference; fileEncoding = 4; lastKnownFileType = sourcecode.swift; path = PhoneNumberTest.swift; sourceTree = "<group>"; };
		4191B31B1CDAB29400E841B2 /* README.md */ = {isa = PBXFileReference; fileEncoding = 4; lastKnownFileType = net.daringfireball.markdown; path = README.md; sourceTree = "<group>"; };
		4191B3221CDAB8BB00E841B2 /* PhoneNumber.swift */ = {isa = PBXFileReference; fileEncoding = 4; lastKnownFileType = sourcecode.swift; path = PhoneNumber.swift; sourceTree = "<group>"; };
		41A3AD3C1DB539A900EC2623 /* KindergartenGardenTest.swift */ = {isa = PBXFileReference; fileEncoding = 4; lastKnownFileType = sourcecode.swift; path = KindergartenGardenTest.swift; sourceTree = "<group>"; };
		41A3AD3D1DB539A900EC2623 /* README.md */ = {isa = PBXFileReference; fileEncoding = 4; lastKnownFileType = net.daringfireball.markdown; path = README.md; sourceTree = "<group>"; };
		41A3AD411DB539CD00EC2623 /* KindergartenGarden.swift */ = {isa = PBXFileReference; fileEncoding = 4; lastKnownFileType = sourcecode.swift; path = KindergartenGarden.swift; sourceTree = "<group>"; };
		41AFEE231CED0ADC00735796 /* README.md */ = {isa = PBXFileReference; fileEncoding = 4; lastKnownFileType = net.daringfireball.markdown; path = README.md; sourceTree = "<group>"; };
		41AFEE241CED0ADC00735796 /* SpaceAgeTest.swift */ = {isa = PBXFileReference; fileEncoding = 4; lastKnownFileType = sourcecode.swift; path = SpaceAgeTest.swift; sourceTree = "<group>"; };
		41AFEE281CED0B0700735796 /* SpaceAge.swift */ = {isa = PBXFileReference; fileEncoding = 4; lastKnownFileType = sourcecode.swift; path = SpaceAge.swift; sourceTree = "<group>"; };
		41AFEE2B1CEE1B3400735796 /* GigasecondTest.swift */ = {isa = PBXFileReference; fileEncoding = 4; lastKnownFileType = sourcecode.swift; path = GigasecondTest.swift; sourceTree = "<group>"; };
		41AFEE2C1CEE1B3400735796 /* README.md */ = {isa = PBXFileReference; fileEncoding = 4; lastKnownFileType = net.daringfireball.markdown; path = README.md; sourceTree = "<group>"; };
		41AFEE301CEE1B6400735796 /* Gigasecond.swift */ = {isa = PBXFileReference; fileEncoding = 4; lastKnownFileType = sourcecode.swift; path = Gigasecond.swift; sourceTree = "<group>"; };
		41BAAB681CE63A6300B2AD63 /* RobotName.swift */ = {isa = PBXFileReference; fileEncoding = 4; lastKnownFileType = sourcecode.swift; path = RobotName.swift; sourceTree = "<group>"; };
		41BAAB6B1CE6462500B2AD63 /* PerfectNumbersTest.swift */ = {isa = PBXFileReference; fileEncoding = 4; lastKnownFileType = sourcecode.swift; path = PerfectNumbersTest.swift; sourceTree = "<group>"; };
		41BAAB6C1CE6462500B2AD63 /* README.md */ = {isa = PBXFileReference; fileEncoding = 4; lastKnownFileType = net.daringfireball.markdown; path = README.md; sourceTree = "<group>"; };
		41C59E6E1CE6924100236624 /* PerfectNumbers.swift */ = {isa = PBXFileReference; fileEncoding = 4; lastKnownFileType = sourcecode.swift; path = PerfectNumbers.swift; sourceTree = "<group>"; };
		41EDF5461D00E2E9004219D0 /* README.md */ = {isa = PBXFileReference; fileEncoding = 4; lastKnownFileType = net.daringfireball.markdown; path = README.md; sourceTree = "<group>"; };
		41EDF5471D00E2E9004219D0 /* TriangleTest.swift */ = {isa = PBXFileReference; fileEncoding = 4; lastKnownFileType = sourcecode.swift; path = TriangleTest.swift; sourceTree = "<group>"; };
		41EDF54B1D00E32A004219D0 /* Triangle.swift */ = {isa = PBXFileReference; fileEncoding = 4; lastKnownFileType = sourcecode.swift; path = Triangle.swift; sourceTree = "<group>"; };
		41EDF54E1D00E7CD004219D0 /* README.md */ = {isa = PBXFileReference; fileEncoding = 4; lastKnownFileType = net.daringfireball.markdown; path = README.md; sourceTree = "<group>"; };
		41EDF54F1D00E7CD004219D0 /* ScrabbleScoreTest.swift */ = {isa = PBXFileReference; fileEncoding = 4; lastKnownFileType = sourcecode.swift; path = ScrabbleScoreTest.swift; sourceTree = "<group>"; };
		41EDF5541D00E7ED004219D0 /* ScrabbleScore.swift */ = {isa = PBXFileReference; fileEncoding = 4; lastKnownFileType = sourcecode.swift; path = ScrabbleScore.swift; sourceTree = "<group>"; };
/* End PBXFileReference section */

/* Begin PBXFrameworksBuildPhase section */
		413DBD701CD3CABC008BE51B /* Frameworks */ = {
			isa = PBXFrameworksBuildPhase;
			buildActionMask = 2147483647;
			files = (
			);
			runOnlyForDeploymentPostprocessing = 0;
		};
		413DBD841CD3CABC008BE51B /* Frameworks */ = {
			isa = PBXFrameworksBuildPhase;
			buildActionMask = 2147483647;
			files = (
			);
			runOnlyForDeploymentPostprocessing = 0;
		};
/* End PBXFrameworksBuildPhase section */

/* Begin PBXGroup section */
		314F5F5D1DD1367B00A7A375 /* all-your-base */ = {
			isa = PBXGroup;
			children = (
				314F5F631DD1369900A7A375 /* AllYourBase.swift */,
				314F5F5E1DD1367B00A7A375 /* AllYourBaseTest.swift */,
				314F5F5F1DD1367B00A7A375 /* README.md */,
			);
			path = "all-your-base";
			sourceTree = "<group>";
		};
		3153999B1DC3ED6500C19DB2 /* simple-linked-list */ = {
			isa = PBXGroup;
			children = (
				315399A11DC3ED8900C19DB2 /* SimpleLinkedList.swift */,
				3153999D1DC3ED6500C19DB2 /* SimpleLinkedListTest.swift */,
				3153999C1DC3ED6500C19DB2 /* README.md */,
			);
			path = "simple-linked-list";
			sourceTree = "<group>";
		};
		317083D11DDBC5FE00458C2E /* saddle-points */ = {
			isa = PBXGroup;
			children = (
				31C6E1DC1DDE5EF800730337 /* SaddlePoints.swift */,
				317083D31DDBC5FE00458C2E /* SaddlePointsTest.swift */,
				317083D21DDBC5FE00458C2E /* README.md */,
			);
			path = "saddle-points";
			sourceTree = "<group>";
		};
		318FDEA31DCAB8CB0071FCA5 /* acronym */ = {
			isa = PBXGroup;
			children = (
				318FDEA91DCAB8E50071FCA5 /* Acronym.swift */,
				318FDEA41DCAB8CB0071FCA5 /* AcronymTest.swift */,
				318FDEA51DCAB8CB0071FCA5 /* README.md */,
			);
			path = acronym;
			sourceTree = "<group>";
		};
		319B7C2B1DD24096007B3101 /* largest-series-product */ = {
			isa = PBXGroup;
			children = (
				319B7C311DD240D6007B3101 /* LargestSeriesProduct.swift */,
				319B7C2C1DD24096007B3101 /* LargestSeriesProductTest.swift */,
				319B7C2D1DD24096007B3101 /* README.md */,
			);
			path = "largest-series-product";
			sourceTree = "<group>";
		};
		319B7C3F1DD3BB67007B3101 /* house */ = {
			isa = PBXGroup;
			children = (
				319B7C451DD3BB88007B3101 /* House.swift */,
				319B7C401DD3BB67007B3101 /* HouseTest.swift */,
				319B7C411DD3BB67007B3101 /* README.md */,
			);
			path = house;
			sourceTree = "<group>";
		};
		319B7C7C1DD672ED007B3101 /* pythagorean-triplet */ = {
			isa = PBXGroup;
			children = (
				319B7C821DD67307007B3101 /* PythagoreanTriplet.swift */,
				319B7C7D1DD672ED007B3101 /* PythagoreanTripletTest.swift */,
				319B7C7E1DD672ED007B3101 /* README.md */,
			);
			path = "pythagorean-triplet";
			sourceTree = "<group>";
		};
		31BEEB8F1DBFC43F0035E9CF /* binary-search */ = {
			isa = PBXGroup;
			children = (
				31BEEB901DBFC4580035E9CF /* BinarySearch.swift */,
				31BEEB911DBFC4580035E9CF /* BinarySearchTest.swift */,
				31BEEB921DBFC4580035E9CF /* README.md */,
			);
			name = "binary-search";
			sourceTree = "<group>";
		};
		31F896A11DE525E30004E7D9 /* pascals-triangle */ = {
			isa = PBXGroup;
			children = (
				31F896A71DE526000004E7D9 /* PascalsTriangle.swift */,
				31F896A21DE525E30004E7D9 /* PascalsTriangleTest.swift */,
				31F896A31DE525E30004E7D9 /* README.md */,
			);
			path = "pascals-triangle";
			sourceTree = "<group>";
		};
		31F896B81DECEC5A0004E7D9 /* pangram */ = {
			isa = PBXGroup;
			children = (
				31F896BE1DECEC730004E7D9 /* Pangram.swift */,
				31F896B91DECEC5A0004E7D9 /* PangramTest.swift */,
				31F896BA1DECEC5A0004E7D9 /* README.md */,
			);
			path = pangram;
			sourceTree = "<group>";
		};
		31F896C01DECEF2F0004E7D9 /* binary-search-tree */ = {
			isa = PBXGroup;
			children = (
				31F896C61DECEF4D0004E7D9 /* BinarySearchTree.swift */,
				31F896C11DECEF2F0004E7D9 /* BinarySearchTreeTest.swift */,
				31F896C21DECEF2F0004E7D9 /* README.md */,
			);
			path = "binary-search-tree";
			sourceTree = "<group>";
		};
		31FBEC711DC2BB03003C5F0D /* secret-handshake */ = {
			isa = PBXGroup;
			children = (
				31FBEC761DC2BB29003C5F0D /* SecretHandshake.swift */,
				31FBEC731DC2BB03003C5F0D /* SecretHandshakeTest.swift */,
				31FBEC721DC2BB03003C5F0D /* README.md */,
			);
			path = "secret-handshake";
			sourceTree = "<group>";
		};
		31FBEC781DC2CE01003C5F0D /* series */ = {
			isa = PBXGroup;
			children = (
				31FBEC7D1DC2CE24003C5F0D /* Series.swift */,
				31FBEC7A1DC2CE01003C5F0D /* SeriesTest.swift */,
				31FBEC791DC2CE01003C5F0D /* README.md */,
			);
			path = series;
			sourceTree = "<group>";
		};
		31FDC1A11DCD4A540081B20B /* matrix */ = {
			isa = PBXGroup;
			children = (
				31FDC1A71DCD4A6F0081B20B /* Matrix.swift */,
				31FDC1A21DCD4A540081B20B /* MatrixTest.swift */,
				31FDC1A31DCD4A540081B20B /* README.md */,
			);
			path = matrix;
			sourceTree = "<group>";
		};
		4108F6181CEA3F9000738A42 /* allergies */ = {
			isa = PBXGroup;
			children = (
				4108F61E1CEA3FAA00738A42 /* Allergies.swift */,
				4108F6191CEA3F9100738A42 /* AllergiesTest.swift */,
				4108F61A1CEA3F9100738A42 /* README.md */,
			);
			path = allergies;
			sourceTree = "<group>";
		};
		4108F6201CEA45A100738A42 /* accumulate */ = {
			isa = PBXGroup;
			children = (
				4108F6261CEA45D900738A42 /* Accumulate.swift */,
				4108F6211CEA45A100738A42 /* AccumulateTest.swift */,
				4108F6221CEA45A100738A42 /* README.md */,
			);
			path = accumulate;
			sourceTree = "<group>";
		};
		411F5CF81CEA7F0D008FBAAE /* sum-of-multiples */ = {
			isa = PBXGroup;
			children = (
				411F5CFE1CEA7F36008FBAAE /* SumOfMultiples.swift */,
				411F5CFA1CEA7F0D008FBAAE /* SumOfMultiplesTest.swift */,
				411F5CF91CEA7F0D008FBAAE /* README.md */,
			);
			path = "sum-of-multiples";
			sourceTree = "<group>";
		};
		412974591DB578F6004D0011 /* queen-attack */ = {
			isa = PBXGroup;
			children = (
				4129745F1DB57914004D0011 /* QueenAttack.swift */,
				4129745A1DB578F6004D0011 /* QueenAttackTest.swift */,
				4129745B1DB578F6004D0011 /* README.md */,
			);
			path = "queen-attack";
			sourceTree = "<group>";
		};
		4129747D1DB69C4A004D0011 /* sieve */ = {
			isa = PBXGroup;
			children = (
				412974831DB69C60004D0011 /* Sieve.swift */,
				4129747F1DB69C4A004D0011 /* SieveTest.swift */,
				4129747E1DB69C4A004D0011 /* README.md */,
			);
			path = sieve;
			sourceTree = "<group>";
		};
		412974961DB96AC3004D0011 /* robot-simulator */ = {
			isa = PBXGroup;
			children = (
				4129749C1DB96AE1004D0011 /* RobotSimulator.swift */,
				412974981DB96AC3004D0011 /* RobotSimulatorTest.swift */,
				412974971DB96AC3004D0011 /* README.md */,
			);
			path = "robot-simulator";
			sourceTree = "<group>";
		};
		413DBD6A1CD3CABB008BE51B = {
			isa = PBXGroup;
			children = (
				4191B3181CDAAB3E00E841B2 /* Exercism.playground */,
				413DBD961CD3D015008BE51B /* swift */,
				413DBD751CD3CABC008BE51B /* Exercism */,
				413DBD8A1CD3CABC008BE51B /* ExercismTests */,
				413DBD741CD3CABC008BE51B /* Products */,
			);
			sourceTree = "<group>";
		};
		413DBD741CD3CABC008BE51B /* Products */ = {
			isa = PBXGroup;
			children = (
				413DBD731CD3CABC008BE51B /* Exercism.app */,
				413DBD871CD3CABC008BE51B /* ExercismTests.xctest */,
			);
			name = Products;
			sourceTree = "<group>";
		};
		413DBD751CD3CABC008BE51B /* Exercism */ = {
			isa = PBXGroup;
			children = (
				413DBD761CD3CABC008BE51B /* AppDelegate.swift */,
				413DBD781CD3CABC008BE51B /* ViewController.swift */,
				413DBD7A1CD3CABC008BE51B /* Main.storyboard */,
				413DBD7D1CD3CABC008BE51B /* Assets.xcassets */,
				413DBD7F1CD3CABC008BE51B /* LaunchScreen.storyboard */,
				413DBD821CD3CABC008BE51B /* Info.plist */,
			);
			path = Exercism;
			sourceTree = "<group>";
		};
		413DBD8A1CD3CABC008BE51B /* ExercismTests */ = {
			isa = PBXGroup;
			children = (
				413DBD8D1CD3CABC008BE51B /* Info.plist */,
			);
			path = ExercismTests;
			sourceTree = "<group>";
		};
		413DBD961CD3D015008BE51B /* swift */ = {
			isa = PBXGroup;
			children = (
				31F896B81DECEC5A0004E7D9 /* pangram */,
				31F896A11DE525E30004E7D9 /* pascals-triangle */,
				317083D11DDBC5FE00458C2E /* saddle-points */,
				319B7C7C1DD672ED007B3101 /* pythagorean-triplet */,
				319B7C3F1DD3BB67007B3101 /* house */,
				319B7C2B1DD24096007B3101 /* largest-series-product */,
				314F5F5D1DD1367B00A7A375 /* all-your-base */,
				31FDC1A11DCD4A540081B20B /* matrix */,
				318FDEA31DCAB8CB0071FCA5 /* acronym */,
				3153999B1DC3ED6500C19DB2 /* simple-linked-list */,
				31FBEC781DC2CE01003C5F0D /* series */,
				31FBEC711DC2BB03003C5F0D /* secret-handshake */,
				31BEEB8F1DBFC43F0035E9CF /* binary-search */,
				412974961DB96AC3004D0011 /* robot-simulator */,
				4129747D1DB69C4A004D0011 /* sieve */,
				412974591DB578F6004D0011 /* queen-attack */,
				41A3AD3B1DB539A900EC2623 /* kindergarten-garden */,
				414B6FB71DB058BD0067D42A /* clock */,
				414B6FAF1DAF0DD20067D42A /* grains */,
				414B6FA71DAF046D0067D42A /* rna-transcription */,
				414B6F9F1DAEF66E0067D42A /* difference-of-squares */,
				415B16701D272BAC001AE860 /* crypto-square */,
				415B16641D25DEAC001AE860 /* atbash-cipher */,
				415B165C1D25D752001AE860 /* strain */,
				415B16501D258C4C001AE860 /* bob */,
				415B16481D258317001AE860 /* raindrops */,
				415B16401D257BED001AE860 /* prime-factors */,
				415B16381D244D0B001AE860 /* binary */,
				4169B1011D00FE1300F7C979 /* roman-numerals */,
				41EDF54D1D00E7CD004219D0 /* scrabble-score */,
				41EDF5451D00E2E9004219D0 /* triangle */,
				414D50111CF4FAD200EAA983 /* meetup */,
				41AFEE2A1CEE1B3400735796 /* gigasecond */,
				41AFEE221CED0ADC00735796 /* space-age */,
				4151CD7A1CEBE188000EC29B /* twelve-days */,
				411F5CF81CEA7F0D008FBAAE /* sum-of-multiples */,
				4108F6201CEA45A100738A42 /* accumulate */,
				4108F6181CEA3F9000738A42 /* allergies */,
				41BAAB6A1CE6462500B2AD63 /* perfect-numbers */,
				4162B6AC1CE5329C00F68FE9 /* robot-name */,
				4162B6911CE3F86600F68FE9 /* grade-school */,
				4191B3191CDAB29400E841B2 /* phone-number */,
				413DBDD01CD3DCD6008BE51B /* nucleotide-count */,
				413DBD971CD3D015008BE51B /* anagram */,
				413DBD9A1CD3D015008BE51B /* etl */,
				413DBD9D1CD3D015008BE51B /* hamming */,
				413DBDA01CD3D015008BE51B /* hello-world */,
				413DBDA91CD3D015008BE51B /* leap */,
				413DBDAC1CD3D015008BE51B /* word-count */,
			);
			path = swift;
			sourceTree = "<group>";
		};
		413DBD971CD3D015008BE51B /* anagram */ = {
			isa = PBXGroup;
			children = (
				413DBDCE1CD3D290008BE51B /* Anagram.swift */,
				413DBD981CD3D015008BE51B /* AnagramTest.swift */,
				413DBD991CD3D015008BE51B /* README.md */,
			);
			path = anagram;
			sourceTree = "<group>";
		};
		413DBD9A1CD3D015008BE51B /* etl */ = {
			isa = PBXGroup;
			children = (
				413DBDC61CD3D14F008BE51B /* Etl.swift */,
				413DBD9B1CD3D015008BE51B /* EtlTest.swift */,
				413DBD9C1CD3D015008BE51B /* README.md */,
			);
			path = etl;
			sourceTree = "<group>";
		};
		413DBD9D1CD3D015008BE51B /* hamming */ = {
			isa = PBXGroup;
			children = (
				413DBDC21CD3D104008BE51B /* Hamming.swift */,
				413DBD9E1CD3D015008BE51B /* HammingTest.swift */,
				413DBD9F1CD3D015008BE51B /* README.md */,
			);
			path = hamming;
			sourceTree = "<group>";
		};
		413DBDA01CD3D015008BE51B /* hello-world */ = {
			isa = PBXGroup;
			children = (
				413DBDA11CD3D015008BE51B /* helloWorld.swift */,
				413DBDA81CD3D015008BE51B /* README.md */,
			);
			path = "hello-world";
			sourceTree = "<group>";
		};
		413DBDA91CD3D015008BE51B /* leap */ = {
			isa = PBXGroup;
			children = (
				413DBDC01CD3D0DF008BE51B /* Leap.swift */,
				413DBDAA1CD3D015008BE51B /* LeapTest.swift */,
				413DBDAB1CD3D015008BE51B /* README.md */,
			);
			path = leap;
			sourceTree = "<group>";
		};
		413DBDAC1CD3D015008BE51B /* word-count */ = {
			isa = PBXGroup;
			children = (
				413DBDC41CD3D126008BE51B /* WordCount.swift */,
				413DBDAE1CD3D015008BE51B /* WordCountTest.swift */,
				413DBDAD1CD3D015008BE51B /* README.md */,
			);
			path = "word-count";
			sourceTree = "<group>";
		};
		413DBDD01CD3DCD6008BE51B /* nucleotide-count */ = {
			isa = PBXGroup;
			children = (
				413DBDD51CD3DCE4008BE51B /* NucleotideCount.swift */,
				413DBDD11CD3DCD6008BE51B /* NucleotideCountTest.swift */,
				413DBDD21CD3DCD6008BE51B /* README.md */,
			);
			path = "nucleotide-count";
			sourceTree = "<group>";
		};
		414B6F9F1DAEF66E0067D42A /* difference-of-squares */ = {
			isa = PBXGroup;
			children = (
				414B6FA51DAEF68E0067D42A /* DifferenceOfSquares.swift */,
				414B6FA01DAEF66E0067D42A /* DifferenceOfSquaresTest.swift */,
				414B6FA11DAEF66E0067D42A /* README.md */,
			);
			path = "difference-of-squares";
			sourceTree = "<group>";
		};
		414B6FA71DAF046D0067D42A /* rna-transcription */ = {
			isa = PBXGroup;
			children = (
				414B6FAD1DAF04970067D42A /* RnaTranscription.swift */,
				414B6FA91DAF046D0067D42A /* RnaTranscriptionTest.swift */,
				414B6FA81DAF046D0067D42A /* README.md */,
			);
			path = "rna-transcription";
			sourceTree = "<group>";
		};
		414B6FAF1DAF0DD20067D42A /* grains */ = {
			isa = PBXGroup;
			children = (
				414B6FB51DAF0DE80067D42A /* Grains.swift */,
				414B6FB01DAF0DD20067D42A /* GrainsTest.swift */,
				414B6FB11DAF0DD20067D42A /* README.md */,
			);
			path = grains;
			sourceTree = "<group>";
		};
		414B6FB71DB058BD0067D42A /* clock */ = {
			isa = PBXGroup;
			children = (
				414B6FBD1DB058DE0067D42A /* Clock.swift */,
				414B6FB81DB058BD0067D42A /* ClockTest.swift */,
				414B6FB91DB058BD0067D42A /* README.md */,
			);
			path = clock;
			sourceTree = "<group>";
		};
		414D50111CF4FAD200EAA983 /* meetup */ = {
			isa = PBXGroup;
			children = (
				414D50171CF4FAF500EAA983 /* Meetup.swift */,
				414D50121CF4FAD200EAA983 /* MeetupTest.swift */,
				414D50131CF4FAD200EAA983 /* README.md */,
			);
			path = meetup;
			sourceTree = "<group>";
		};
		4151CD7A1CEBE188000EC29B /* twelve-days */ = {
			isa = PBXGroup;
			children = (
				4151CD811CEBE1A4000EC29B /* TwelveDays.swift */,
				4151CD7C1CEBE188000EC29B /* TwelveDaysTest.swift */,
				4151CD7B1CEBE188000EC29B /* README.md */,
			);
			path = "twelve-days";
			sourceTree = "<group>";
		};
		415B16381D244D0B001AE860 /* binary */ = {
			isa = PBXGroup;
			children = (
				415B163E1D247DCC001AE860 /* Binary.swift */,
				415B16391D244D0B001AE860 /* BinaryTest.swift */,
				415B163A1D244D0B001AE860 /* README.md */,
			);
			path = binary;
			sourceTree = "<group>";
		};
		415B16401D257BED001AE860 /* prime-factors */ = {
			isa = PBXGroup;
			children = (
				415B16461D257C0F001AE860 /* PrimeFactors.swift */,
				415B16411D257BED001AE860 /* PrimeFactorsTest.swift */,
				415B16421D257BED001AE860 /* README.md */,
			);
			path = "prime-factors";
			sourceTree = "<group>";
		};
		415B16481D258317001AE860 /* raindrops */ = {
			isa = PBXGroup;
			children = (
				415B164E1D258336001AE860 /* Raindrops.swift */,
				415B16491D258317001AE860 /* RaindropsTest.swift */,
				415B164A1D258317001AE860 /* README.md */,
			);
			name = raindrops;
			path = swift/raindrops;
			sourceTree = SOURCE_ROOT;
		};
		415B16501D258C4C001AE860 /* bob */ = {
			isa = PBXGroup;
			children = (
				415B16561D258C63001AE860 /* Bob.swift */,
				415B16511D258C4C001AE860 /* BobTest.swift */,
				415B16521D258C4C001AE860 /* README.md */,
			);
			path = bob;
			sourceTree = "<group>";
		};
		415B165C1D25D752001AE860 /* strain */ = {
			isa = PBXGroup;
			children = (
				415B16611D25D75D001AE860 /* Strain.swift */,
				415B165E1D25D752001AE860 /* StrainTest.swift */,
				415B165D1D25D752001AE860 /* README.md */,
			);
			path = strain;
			sourceTree = "<group>";
		};
		415B16641D25DEAC001AE860 /* atbash-cipher */ = {
			isa = PBXGroup;
			children = (
				415B166A1D25DEC2001AE860 /* Atbash.swift */,
				415B16651D25DEAC001AE860 /* AtbashTest.swift */,
				415B16661D25DEAC001AE860 /* README.md */,
			);
			path = "atbash-cipher";
			sourceTree = "<group>";
		};
		415B16701D272BAC001AE860 /* crypto-square */ = {
			isa = PBXGroup;
			children = (
				415B16761D272BC9001AE860 /* CryptoSquare.swift */,
				415B16711D272BAC001AE860 /* CryptoSquareTest.swift */,
				415B16721D272BAC001AE860 /* README.md */,
			);
			path = "crypto-square";
			sourceTree = "<group>";
		};
		4162B6911CE3F86600F68FE9 /* grade-school */ = {
			isa = PBXGroup;
			children = (
				4162B6971CE405FB00F68FE9 /* GradeSchool.swift */,
				4162B6921CE3F86600F68FE9 /* GradeSchoolTest.swift */,
				4162B6931CE3F86600F68FE9 /* README.md */,
			);
			path = "grade-school";
			sourceTree = "<group>";
		};
		4162B6AC1CE5329C00F68FE9 /* robot-name */ = {
			isa = PBXGroup;
			children = (
				41BAAB681CE63A6300B2AD63 /* RobotName.swift */,
				4162B6AE1CE5329C00F68FE9 /* RobotNameTest.swift */,
				4162B6AD1CE5329C00F68FE9 /* README.md */,
			);
			path = "robot-name";
			sourceTree = "<group>";
		};
		4169B1011D00FE1300F7C979 /* roman-numerals */ = {
			isa = PBXGroup;
			children = (
				4169B1071D00FE2E00F7C979 /* RomanNumerals.swift */,
				4169B1031D00FE1300F7C979 /* RomanNumeralsTest.swift */,
				4169B1021D00FE1300F7C979 /* README.md */,
			);
			path = "roman-numerals";
			sourceTree = "<group>";
		};
		4191B3191CDAB29400E841B2 /* phone-number */ = {
			isa = PBXGroup;
			children = (
				4191B3221CDAB8BB00E841B2 /* PhoneNumber.swift */,
				4191B31A1CDAB29400E841B2 /* PhoneNumberTest.swift */,
				4191B31B1CDAB29400E841B2 /* README.md */,
			);
			path = "phone-number";
			sourceTree = "<group>";
		};
		41A3AD3B1DB539A900EC2623 /* kindergarten-garden */ = {
			isa = PBXGroup;
			children = (
				41A3AD411DB539CD00EC2623 /* KindergartenGarden.swift */,
				41A3AD3C1DB539A900EC2623 /* KindergartenGardenTest.swift */,
				41A3AD3D1DB539A900EC2623 /* README.md */,
			);
			path = "kindergarten-garden";
			sourceTree = "<group>";
		};
		41AFEE221CED0ADC00735796 /* space-age */ = {
			isa = PBXGroup;
			children = (
				41AFEE281CED0B0700735796 /* SpaceAge.swift */,
				41AFEE241CED0ADC00735796 /* SpaceAgeTest.swift */,
				41AFEE231CED0ADC00735796 /* README.md */,
			);
			path = "space-age";
			sourceTree = "<group>";
		};
		41AFEE2A1CEE1B3400735796 /* gigasecond */ = {
			isa = PBXGroup;
			children = (
				41AFEE301CEE1B6400735796 /* Gigasecond.swift */,
				41AFEE2B1CEE1B3400735796 /* GigasecondTest.swift */,
				41AFEE2C1CEE1B3400735796 /* README.md */,
			);
			path = gigasecond;
			sourceTree = "<group>";
		};
		41BAAB6A1CE6462500B2AD63 /* perfect-numbers */ = {
			isa = PBXGroup;
			children = (
				41C59E6E1CE6924100236624 /* PerfectNumbers.swift */,
				41BAAB6B1CE6462500B2AD63 /* PerfectNumbersTest.swift */,
				41BAAB6C1CE6462500B2AD63 /* README.md */,
			);
			path = "perfect-numbers";
			sourceTree = "<group>";
		};
		41EDF5451D00E2E9004219D0 /* triangle */ = {
			isa = PBXGroup;
			children = (
				41EDF54B1D00E32A004219D0 /* Triangle.swift */,
				41EDF5471D00E2E9004219D0 /* TriangleTest.swift */,
				41EDF5461D00E2E9004219D0 /* README.md */,
			);
			path = triangle;
			sourceTree = "<group>";
		};
		41EDF54D1D00E7CD004219D0 /* scrabble-score */ = {
			isa = PBXGroup;
			children = (
				41EDF5541D00E7ED004219D0 /* ScrabbleScore.swift */,
				41EDF54F1D00E7CD004219D0 /* ScrabbleScoreTest.swift */,
				41EDF54E1D00E7CD004219D0 /* README.md */,
			);
			path = "scrabble-score";
			sourceTree = "<group>";
		};
/* End PBXGroup section */

/* Begin PBXNativeTarget section */
		413DBD721CD3CABC008BE51B /* Exercism */ = {
			isa = PBXNativeTarget;
			buildConfigurationList = 413DBD901CD3CABC008BE51B /* Build configuration list for PBXNativeTarget "Exercism" */;
			buildPhases = (
				413DBD6F1CD3CABC008BE51B /* Sources */,
				413DBD701CD3CABC008BE51B /* Frameworks */,
				413DBD711CD3CABC008BE51B /* Resources */,
			);
			buildRules = (
			);
			dependencies = (
			);
			name = Exercism;
			productName = Exercism;
			productReference = 413DBD731CD3CABC008BE51B /* Exercism.app */;
			productType = "com.apple.product-type.application";
		};
		413DBD861CD3CABC008BE51B /* ExercismTests */ = {
			isa = PBXNativeTarget;
			buildConfigurationList = 413DBD931CD3CABC008BE51B /* Build configuration list for PBXNativeTarget "ExercismTests" */;
			buildPhases = (
				413DBD831CD3CABC008BE51B /* Sources */,
				413DBD841CD3CABC008BE51B /* Frameworks */,
				413DBD851CD3CABC008BE51B /* Resources */,
			);
			buildRules = (
			);
			dependencies = (
				413DBD891CD3CABC008BE51B /* PBXTargetDependency */,
			);
			name = ExercismTests;
			productName = ExercismTests;
			productReference = 413DBD871CD3CABC008BE51B /* ExercismTests.xctest */;
			productType = "com.apple.product-type.bundle.unit-test";
		};
/* End PBXNativeTarget section */

/* Begin PBXProject section */
		413DBD6B1CD3CABB008BE51B /* Project object */ = {
			isa = PBXProject;
			attributes = {
				LastSwiftUpdateCheck = 0730;
				LastUpgradeCheck = 0800;
				ORGANIZATIONNAME = "Robert Booth";
				TargetAttributes = {
					413DBD721CD3CABC008BE51B = {
						CreatedOnToolsVersion = 7.3.1;
						DevelopmentTeam = 9C5R4TQX7A;
						LastSwiftMigration = 0800;
					};
					413DBD861CD3CABC008BE51B = {
						CreatedOnToolsVersion = 7.3.1;
						DevelopmentTeam = 9C5R4TQX7A;
						LastSwiftMigration = 0800;
						TestTargetID = 413DBD721CD3CABC008BE51B;
					};
				};
			};
			buildConfigurationList = 413DBD6E1CD3CABB008BE51B /* Build configuration list for PBXProject "Exercism" */;
			compatibilityVersion = "Xcode 3.2";
			developmentRegion = English;
			hasScannedForEncodings = 0;
			knownRegions = (
				en,
				Base,
			);
			mainGroup = 413DBD6A1CD3CABB008BE51B;
			productRefGroup = 413DBD741CD3CABC008BE51B /* Products */;
			projectDirPath = "";
			projectRoot = "";
			targets = (
				413DBD721CD3CABC008BE51B /* Exercism */,
				413DBD861CD3CABC008BE51B /* ExercismTests */,
			);
		};
/* End PBXProject section */

/* Begin PBXResourcesBuildPhase section */
		413DBD711CD3CABC008BE51B /* Resources */ = {
			isa = PBXResourcesBuildPhase;
			buildActionMask = 2147483647;
			files = (
				413DBD811CD3CABC008BE51B /* LaunchScreen.storyboard in Resources */,
				413DBD7E1CD3CABC008BE51B /* Assets.xcassets in Resources */,
				413DBD7C1CD3CABC008BE51B /* Main.storyboard in Resources */,
			);
			runOnlyForDeploymentPostprocessing = 0;
		};
		413DBD851CD3CABC008BE51B /* Resources */ = {
			isa = PBXResourcesBuildPhase;
			buildActionMask = 2147483647;
			files = (
			);
			runOnlyForDeploymentPostprocessing = 0;
		};
/* End PBXResourcesBuildPhase section */

/* Begin PBXSourcesBuildPhase section */
		413DBD6F1CD3CABC008BE51B /* Sources */ = {
			isa = PBXSourcesBuildPhase;
			buildActionMask = 2147483647;
			files = (
				31C6E1DD1DDE5EF800730337 /* SaddlePoints.swift in Sources */,
				415B16571D258C63001AE860 /* Bob.swift in Sources */,
				415B164F1D258336001AE860 /* Raindrops.swift in Sources */,
				41A3AD421DB539CD00EC2623 /* KindergartenGarden.swift in Sources */,
				41EDF5551D00E7ED004219D0 /* ScrabbleScore.swift in Sources */,
				413DBDC11CD3D0DF008BE51B /* Leap.swift in Sources */,
				414B6FBE1DB058DE0067D42A /* Clock.swift in Sources */,
				413DBDD61CD3DCE4008BE51B /* NucleotideCount.swift in Sources */,
				413DBDC71CD3D14F008BE51B /* Etl.swift in Sources */,
				415B16621D25D75D001AE860 /* Strain.swift in Sources */,
				415B163F1D247DCC001AE860 /* Binary.swift in Sources */,
				414D50181CF4FAF500EAA983 /* Meetup.swift in Sources */,
				41C59E6F1CE6924100236624 /* PerfectNumbers.swift in Sources */,
				415B166B1D25DEC2001AE860 /* Atbash.swift in Sources */,
				319B7C461DD3BB88007B3101 /* House.swift in Sources */,
				41AFEE291CED0B0700735796 /* SpaceAge.swift in Sources */,
				31FDC1A81DCD4A6F0081B20B /* Matrix.swift in Sources */,
				315399A21DC3ED8900C19DB2 /* SimpleLinkedList.swift in Sources */,
				31BEEB931DBFC4580035E9CF /* BinarySearch.swift in Sources */,
				413DBDB51CD3D015008BE51B /* helloWorld.swift in Sources */,
				413DBD791CD3CABC008BE51B /* ViewController.swift in Sources */,
				41BAAB691CE63A6300B2AD63 /* RobotName.swift in Sources */,
				318FDEAA1DCAB8E50071FCA5 /* Acronym.swift in Sources */,
				31F896BF1DECEC730004E7D9 /* Pangram.swift in Sources */,
				415B16771D272BC9001AE860 /* CryptoSquare.swift in Sources */,
				413DBD771CD3CABC008BE51B /* AppDelegate.swift in Sources */,
				411F5CFF1CEA7F36008FBAAE /* SumOfMultiples.swift in Sources */,
				413DBDCF1CD3D290008BE51B /* Anagram.swift in Sources */,
				412974841DB69C60004D0011 /* Sieve.swift in Sources */,
				41EDF54C1D00E32A004219D0 /* Triangle.swift in Sources */,
				31F896A81DE526000004E7D9 /* PascalsTriangle.swift in Sources */,
				4169B1081D00FE2E00F7C979 /* RomanNumerals.swift in Sources */,
				314F5F641DD1369900A7A375 /* AllYourBase.swift in Sources */,
				414B6FAE1DAF04970067D42A /* RnaTranscription.swift in Sources */,
				412974601DB57914004D0011 /* QueenAttack.swift in Sources */,
				4108F6271CEA45D900738A42 /* Accumulate.swift in Sources */,
				41AFEE311CEE1B6400735796 /* Gigasecond.swift in Sources */,
				414B6FA61DAEF68E0067D42A /* DifferenceOfSquares.swift in Sources */,
				4151CD821CEBE1A4000EC29B /* TwelveDays.swift in Sources */,
				4191B3231CDAB8BB00E841B2 /* PhoneNumber.swift in Sources */,
				415B16471D257C0F001AE860 /* PrimeFactors.swift in Sources */,
				4129749D1DB96AE1004D0011 /* RobotSimulator.swift in Sources */,
				4108F61F1CEA3FAA00738A42 /* Allergies.swift in Sources */,
				319B7C321DD240D6007B3101 /* LargestSeriesProduct.swift in Sources */,
				413DBDC31CD3D104008BE51B /* Hamming.swift in Sources */,
				413DBDC51CD3D126008BE51B /* WordCount.swift in Sources */,
				319B7C831DD67307007B3101 /* PythagoreanTriplet.swift in Sources */,
				4162B6981CE405FB00F68FE9 /* GradeSchool.swift in Sources */,
				414B6FB61DAF0DE80067D42A /* Grains.swift in Sources */,
			);
			runOnlyForDeploymentPostprocessing = 0;
		};
		413DBD831CD3CABC008BE51B /* Sources */ = {
			isa = PBXSourcesBuildPhase;
			buildActionMask = 2147483647;
			files = (
				413DBDC81CD3D16C008BE51B /* WordCountTest.swift in Sources */,
				414B6FBC1DB058D20067D42A /* ClockTest.swift in Sources */,
				4191B3241CDAB8E200E841B2 /* PhoneNumberTest.swift in Sources */,
				413DBDCB1CD3D176008BE51B /* EtlTest.swift in Sources */,
				415B16631D25D775001AE860 /* StrainTest.swift in Sources */,
				31FBEC771DC2BB29003C5F0D /* SecretHandshake.swift in Sources */,
				319B7C441DD3BB6A007B3101 /* HouseTest.swift in Sources */,
				319B7C301DD2409C007B3101 /* LargestSeriesProductTest.swift in Sources */,
				415B16551D258C50001AE860 /* BobTest.swift in Sources */,
				41A3AD401DB539AE00EC2623 /* KindergartenGardenTest.swift in Sources */,
				415B16751D272BB9001AE860 /* CryptoSquareTest.swift in Sources */,
				41AFEE2F1CEE1B4000735796 /* GigasecondTest.swift in Sources */,
				415B164D1D258326001AE860 /* RaindropsTest.swift in Sources */,
				4129749B1DB96ACF004D0011 /* RobotSimulatorTest.swift in Sources */,
				31FBEC751DC2BB03003C5F0D /* SecretHandshakeTest.swift in Sources */,
				4108F6251CEA45AB00738A42 /* AccumulateTest.swift in Sources */,
				414B6FB41DAF0DDC0067D42A /* GrainsTest.swift in Sources */,
				415B16691D25DEB2001AE860 /* AtbashTest.swift in Sources */,
				41EDF54A1D00E2FB004219D0 /* TriangleTest.swift in Sources */,
				415B16451D257BF9001AE860 /* PrimeFactorsTest.swift in Sources */,
				414B6FA41DAEF67B0067D42A /* DifferenceOfSquaresTest.swift in Sources */,
				31FDC1A61DCD4A5A0081B20B /* MatrixTest.swift in Sources */,
				31F896A61DE525ED0004E7D9 /* PascalsTriangleTest.swift in Sources */,
				41EDF5531D00E7DD004219D0 /* ScrabbleScoreTest.swift in Sources */,
				4162B6961CE3F8A700F68FE9 /* GradeSchoolTest.swift in Sources */,
				4129745E1DB578FB004D0011 /* QueenAttackTest.swift in Sources */,
				415B163D1D244D1A001AE860 /* BinaryTest.swift in Sources */,
				4108F61D1CEA3F9600738A42 /* AllergiesTest.swift in Sources */,
				317083D61DDBC60400458C2E /* SaddlePointsTest.swift in Sources */,
				414D50161CF4FADC00EAA983 /* MeetupTest.swift in Sources */,
				31F896BD1DECEC610004E7D9 /* PangramTest.swift in Sources */,
				4169B1061D00FE2000F7C979 /* RomanNumeralsTest.swift in Sources */,
				319B7C811DD672F9007B3101 /* PythagoreanTripletTest.swift in Sources */,
				41BAAB6F1CE6463300B2AD63 /* PerfectNumbersTest.swift in Sources */,
				411F5CFD1CEA7F1F008FBAAE /* SumOfMultiplesTest.swift in Sources */,
				413DBDCD1CD3D248008BE51B /* AnagramTest.swift in Sources */,
				4151CD801CEBE199000EC29B /* TwelveDaysTest.swift in Sources */,
				41AFEE271CED0AE800735796 /* SpaceAgeTest.swift in Sources */,
				413DBDCA1CD3D174008BE51B /* HammingTest.swift in Sources */,
				4162B6B11CE532A500F68FE9 /* RobotNameTest.swift in Sources */,
				414B6FAC1DAF048A0067D42A /* RnaTranscriptionTest.swift in Sources */,
				31FBEC7E1DC2CE24003C5F0D /* Series.swift in Sources */,
				413DBDC91CD3D16F008BE51B /* LeapTest.swift in Sources */,
				412974821DB69C54004D0011 /* SieveTest.swift in Sources */,
				315399A01DC3ED6D00C19DB2 /* SimpleLinkedListTest.swift in Sources */,
				314F5F621DD1367F00A7A375 /* AllYourBaseTest.swift in Sources */,
				413DBDD71CD3DCF7008BE51B /* NucleotideCountTest.swift in Sources */,
				31FBEC7C1DC2CE01003C5F0D /* SeriesTest.swift in Sources */,
				31BEEB961DBFC4580035E9CF /* BinarySearchTest.swift in Sources */,
				318FDEA81DCAB8D10071FCA5 /* AcronymTest.swift in Sources */,
			);
			runOnlyForDeploymentPostprocessing = 0;
		};
/* End PBXSourcesBuildPhase section */

/* Begin PBXTargetDependency section */
		413DBD891CD3CABC008BE51B /* PBXTargetDependency */ = {
			isa = PBXTargetDependency;
			target = 413DBD721CD3CABC008BE51B /* Exercism */;
			targetProxy = 413DBD881CD3CABC008BE51B /* PBXContainerItemProxy */;
		};
/* End PBXTargetDependency section */

/* Begin PBXVariantGroup section */
		413DBD7A1CD3CABC008BE51B /* Main.storyboard */ = {
			isa = PBXVariantGroup;
			children = (
				413DBD7B1CD3CABC008BE51B /* Base */,
			);
			name = Main.storyboard;
			sourceTree = "<group>";
		};
		413DBD7F1CD3CABC008BE51B /* LaunchScreen.storyboard */ = {
			isa = PBXVariantGroup;
			children = (
				413DBD801CD3CABC008BE51B /* Base */,
			);
			name = LaunchScreen.storyboard;
			sourceTree = "<group>";
		};
/* End PBXVariantGroup section */

/* Begin XCBuildConfiguration section */
		413DBD8E1CD3CABC008BE51B /* Debug */ = {
			isa = XCBuildConfiguration;
			buildSettings = {
				ALWAYS_SEARCH_USER_PATHS = NO;
				CLANG_ANALYZER_NONNULL = YES;
				CLANG_CXX_LANGUAGE_STANDARD = "gnu++0x";
				CLANG_CXX_LIBRARY = "libc++";
				CLANG_ENABLE_MODULES = YES;
				CLANG_ENABLE_OBJC_ARC = YES;
				CLANG_WARN_BOOL_CONVERSION = YES;
				CLANG_WARN_CONSTANT_CONVERSION = YES;
				CLANG_WARN_DIRECT_OBJC_ISA_USAGE = YES_ERROR;
				CLANG_WARN_EMPTY_BODY = YES;
				CLANG_WARN_ENUM_CONVERSION = YES;
				CLANG_WARN_INFINITE_RECURSION = YES;
				CLANG_WARN_INT_CONVERSION = YES;
				CLANG_WARN_OBJC_ROOT_CLASS = YES_ERROR;
				CLANG_WARN_SUSPICIOUS_MOVE = YES;
				CLANG_WARN_UNREACHABLE_CODE = YES;
				CLANG_WARN__DUPLICATE_METHOD_MATCH = YES;
				"CODE_SIGN_IDENTITY[sdk=iphoneos*]" = "iPhone Developer";
				COPY_PHASE_STRIP = NO;
				DEBUG_INFORMATION_FORMAT = dwarf;
				ENABLE_STRICT_OBJC_MSGSEND = YES;
				ENABLE_TESTABILITY = YES;
				GCC_C_LANGUAGE_STANDARD = gnu99;
				GCC_DYNAMIC_NO_PIC = NO;
				GCC_NO_COMMON_BLOCKS = YES;
				GCC_OPTIMIZATION_LEVEL = 0;
				GCC_PREPROCESSOR_DEFINITIONS = (
					"DEBUG=1",
					"$(inherited)",
				);
				GCC_WARN_64_TO_32_BIT_CONVERSION = YES;
				GCC_WARN_ABOUT_RETURN_TYPE = YES_ERROR;
				GCC_WARN_UNDECLARED_SELECTOR = YES;
				GCC_WARN_UNINITIALIZED_AUTOS = YES_AGGRESSIVE;
				GCC_WARN_UNUSED_FUNCTION = YES;
				GCC_WARN_UNUSED_VARIABLE = YES;
				IPHONEOS_DEPLOYMENT_TARGET = 9.3;
				MTL_ENABLE_DEBUG_INFO = YES;
				ONLY_ACTIVE_ARCH = YES;
				SDKROOT = iphoneos;
				SWIFT_OPTIMIZATION_LEVEL = "-Onone";
				TARGETED_DEVICE_FAMILY = "1,2";
			};
			name = Debug;
		};
		413DBD8F1CD3CABC008BE51B /* Release */ = {
			isa = XCBuildConfiguration;
			buildSettings = {
				ALWAYS_SEARCH_USER_PATHS = NO;
				CLANG_ANALYZER_NONNULL = YES;
				CLANG_CXX_LANGUAGE_STANDARD = "gnu++0x";
				CLANG_CXX_LIBRARY = "libc++";
				CLANG_ENABLE_MODULES = YES;
				CLANG_ENABLE_OBJC_ARC = YES;
				CLANG_WARN_BOOL_CONVERSION = YES;
				CLANG_WARN_CONSTANT_CONVERSION = YES;
				CLANG_WARN_DIRECT_OBJC_ISA_USAGE = YES_ERROR;
				CLANG_WARN_EMPTY_BODY = YES;
				CLANG_WARN_ENUM_CONVERSION = YES;
				CLANG_WARN_INFINITE_RECURSION = YES;
				CLANG_WARN_INT_CONVERSION = YES;
				CLANG_WARN_OBJC_ROOT_CLASS = YES_ERROR;
				CLANG_WARN_SUSPICIOUS_MOVE = YES;
				CLANG_WARN_UNREACHABLE_CODE = YES;
				CLANG_WARN__DUPLICATE_METHOD_MATCH = YES;
				"CODE_SIGN_IDENTITY[sdk=iphoneos*]" = "iPhone Developer";
				COPY_PHASE_STRIP = NO;
				DEBUG_INFORMATION_FORMAT = "dwarf-with-dsym";
				ENABLE_NS_ASSERTIONS = NO;
				ENABLE_STRICT_OBJC_MSGSEND = YES;
				GCC_C_LANGUAGE_STANDARD = gnu99;
				GCC_NO_COMMON_BLOCKS = YES;
				GCC_WARN_64_TO_32_BIT_CONVERSION = YES;
				GCC_WARN_ABOUT_RETURN_TYPE = YES_ERROR;
				GCC_WARN_UNDECLARED_SELECTOR = YES;
				GCC_WARN_UNINITIALIZED_AUTOS = YES_AGGRESSIVE;
				GCC_WARN_UNUSED_FUNCTION = YES;
				GCC_WARN_UNUSED_VARIABLE = YES;
				IPHONEOS_DEPLOYMENT_TARGET = 9.3;
				MTL_ENABLE_DEBUG_INFO = NO;
				SDKROOT = iphoneos;
				SWIFT_OPTIMIZATION_LEVEL = "-Owholemodule";
				TARGETED_DEVICE_FAMILY = "1,2";
				VALIDATE_PRODUCT = YES;
			};
			name = Release;
		};
		413DBD911CD3CABC008BE51B /* Debug */ = {
			isa = XCBuildConfiguration;
			buildSettings = {
				ASSETCATALOG_COMPILER_APPICON_NAME = AppIcon;
				DEVELOPMENT_TEAM = 9C5R4TQX7A;
				INFOPLIST_FILE = Exercism/Info.plist;
				LD_RUNPATH_SEARCH_PATHS = "$(inherited) @executable_path/Frameworks";
				PRODUCT_BUNDLE_IDENTIFIER = "-";
				PRODUCT_NAME = "$(TARGET_NAME)";
				SWIFT_VERSION = 3.0;
			};
			name = Debug;
		};
		413DBD921CD3CABC008BE51B /* Release */ = {
			isa = XCBuildConfiguration;
			buildSettings = {
				ASSETCATALOG_COMPILER_APPICON_NAME = AppIcon;
				DEVELOPMENT_TEAM = 9C5R4TQX7A;
				INFOPLIST_FILE = Exercism/Info.plist;
				LD_RUNPATH_SEARCH_PATHS = "$(inherited) @executable_path/Frameworks";
				PRODUCT_BUNDLE_IDENTIFIER = "-";
				PRODUCT_NAME = "$(TARGET_NAME)";
				SWIFT_VERSION = 3.0;
			};
			name = Release;
		};
		413DBD941CD3CABC008BE51B /* Debug */ = {
			isa = XCBuildConfiguration;
			buildSettings = {
				BUNDLE_LOADER = "$(TEST_HOST)";
				DEVELOPMENT_TEAM = 9C5R4TQX7A;
				INFOPLIST_FILE = ExercismTests/Info.plist;
				LD_RUNPATH_SEARCH_PATHS = "$(inherited) @executable_path/Frameworks @loader_path/Frameworks";
				PRODUCT_BUNDLE_IDENTIFIER = com.resmed.ExercismTests;
				PRODUCT_NAME = "$(TARGET_NAME)";
				SWIFT_VERSION = 3.0;
				TEST_HOST = "$(BUILT_PRODUCTS_DIR)/Exercism.app/Exercism";
			};
			name = Debug;
		};
		413DBD951CD3CABC008BE51B /* Release */ = {
			isa = XCBuildConfiguration;
			buildSettings = {
				BUNDLE_LOADER = "$(TEST_HOST)";
				DEVELOPMENT_TEAM = 9C5R4TQX7A;
				INFOPLIST_FILE = ExercismTests/Info.plist;
				LD_RUNPATH_SEARCH_PATHS = "$(inherited) @executable_path/Frameworks @loader_path/Frameworks";
				PRODUCT_BUNDLE_IDENTIFIER = com.resmed.ExercismTests;
				PRODUCT_NAME = "$(TARGET_NAME)";
				SWIFT_VERSION = 3.0;
				TEST_HOST = "$(BUILT_PRODUCTS_DIR)/Exercism.app/Exercism";
			};
			name = Release;
		};
/* End XCBuildConfiguration section */

/* Begin XCConfigurationList section */
		413DBD6E1CD3CABB008BE51B /* Build configuration list for PBXProject "Exercism" */ = {
			isa = XCConfigurationList;
			buildConfigurations = (
				413DBD8E1CD3CABC008BE51B /* Debug */,
				413DBD8F1CD3CABC008BE51B /* Release */,
			);
			defaultConfigurationIsVisible = 0;
			defaultConfigurationName = Release;
		};
		413DBD901CD3CABC008BE51B /* Build configuration list for PBXNativeTarget "Exercism" */ = {
			isa = XCConfigurationList;
			buildConfigurations = (
				413DBD911CD3CABC008BE51B /* Debug */,
				413DBD921CD3CABC008BE51B /* Release */,
			);
			defaultConfigurationIsVisible = 0;
			defaultConfigurationName = Release;
		};
		413DBD931CD3CABC008BE51B /* Build configuration list for PBXNativeTarget "ExercismTests" */ = {
			isa = XCConfigurationList;
			buildConfigurations = (
				413DBD941CD3CABC008BE51B /* Debug */,
				413DBD951CD3CABC008BE51B /* Release */,
			);
			defaultConfigurationIsVisible = 0;
			defaultConfigurationName = Release;
		};
/* End XCConfigurationList section */
	};
	rootObject = 413DBD6B1CD3CABB008BE51B /* Project object */;
}
